// !$*UTF8*$!
{
	archiveVersion = 1;
	classes = {
	};
	objectVersion = 46;
	objects = {

/* Begin PBXBuildFile section */
		C3043BF219C1A94600AF8C86 /* logosCollectionViewController.m in Sources */ = {isa = PBXBuildFile; fileRef = C3043BF119C1A94600AF8C86 /* logosCollectionViewController.m */; };
		C3043BF519C1C20700AF8C86 /* myCell.m in Sources */ = {isa = PBXBuildFile; fileRef = C3043BF419C1C20700AF8C86 /* myCell.m */; };
		C3559DDB19E5362E000E0E59 /* secondCategoryViewController.m in Sources */ = {isa = PBXBuildFile; fileRef = C3559DDA19E5362E000E0E59 /* secondCategoryViewController.m */; };
		C395B24F19E90B80001355B4 /* firstQuestionFinishedViewController.m in Sources */ = {isa = PBXBuildFile; fileRef = C395B24E19E90B80001355B4 /* firstQuestionFinishedViewController.m */; };
		C395B25219E913DB001355B4 /* twoCategorySecondViewController.m in Sources */ = {isa = PBXBuildFile; fileRef = C395B25119E913DB001355B4 /* twoCategorySecondViewController.m */; };
		C395B25519E944A7001355B4 /* secondQuestionFinishedViewController.m in Sources */ = {isa = PBXBuildFile; fileRef = C395B25419E944A7001355B4 /* secondQuestionFinishedViewController.m */; };
		C3988CC319C16D9900257D2A /* Foundation.framework in Frameworks */ = {isa = PBXBuildFile; fileRef = C3988CC219C16D9900257D2A /* Foundation.framework */; };
		C3988CC519C16D9900257D2A /* CoreGraphics.framework in Frameworks */ = {isa = PBXBuildFile; fileRef = C3988CC419C16D9900257D2A /* CoreGraphics.framework */; };
		C3988CC719C16D9900257D2A /* UIKit.framework in Frameworks */ = {isa = PBXBuildFile; fileRef = C3988CC619C16D9900257D2A /* UIKit.framework */; };
		C3988CCD19C16D9900257D2A /* InfoPlist.strings in Resources */ = {isa = PBXBuildFile; fileRef = C3988CCB19C16D9900257D2A /* InfoPlist.strings */; };
		C3988CCF19C16D9900257D2A /* main.m in Sources */ = {isa = PBXBuildFile; fileRef = C3988CCE19C16D9900257D2A /* main.m */; };
		C3988CD319C16D9900257D2A /* AppDelegate.m in Sources */ = {isa = PBXBuildFile; fileRef = C3988CD219C16D9900257D2A /* AppDelegate.m */; };
		C3988CD619C16D9900257D2A /* Main.storyboard in Resources */ = {isa = PBXBuildFile; fileRef = C3988CD419C16D9900257D2A /* Main.storyboard */; };
		C3988CD919C16D9900257D2A /* ViewController.m in Sources */ = {isa = PBXBuildFile; fileRef = C3988CD819C16D9900257D2A /* ViewController.m */; };
		C3988CDB19C16D9900257D2A /* Images.xcassets in Resources */ = {isa = PBXBuildFile; fileRef = C3988CDA19C16D9900257D2A /* Images.xcassets */; };
		C3988CE219C16D9900257D2A /* XCTest.framework in Frameworks */ = {isa = PBXBuildFile; fileRef = C3988CE119C16D9900257D2A /* XCTest.framework */; };
		C3988CE319C16D9900257D2A /* Foundation.framework in Frameworks */ = {isa = PBXBuildFile; fileRef = C3988CC219C16D9900257D2A /* Foundation.framework */; };
		C3988CE419C16D9900257D2A /* UIKit.framework in Frameworks */ = {isa = PBXBuildFile; fileRef = C3988CC619C16D9900257D2A /* UIKit.framework */; };
		C3988CEC19C16D9900257D2A /* InfoPlist.strings in Resources */ = {isa = PBXBuildFile; fileRef = C3988CEA19C16D9900257D2A /* InfoPlist.strings */; };
		C3988CEE19C16D9900257D2A /* NFLtriviaTests.m in Sources */ = {isa = PBXBuildFile; fileRef = C3988CED19C16D9900257D2A /* NFLtriviaTests.m */; };
		C3988D4019C19ACC00257D2A /* fbcredentialsViewController.m in Sources */ = {isa = PBXBuildFile; fileRef = C3988D3F19C19ACB00257D2A /* fbcredentialsViewController.m */; };
		C3988D4319C1A21000257D2A /* individualLogoViewController.m in Sources */ = {isa = PBXBuildFile; fileRef = C3988D4219C1A21000257D2A /* individualLogoViewController.m */; };
		C398E26519C96D5B00215301 /* firstCategoryViewController.m in Sources */ = {isa = PBXBuildFile; fileRef = C398E26419C96D5B00215301 /* firstCategoryViewController.m */; };
		C39A4F5219D3DF0300EFFA4F /* NSObject+SBJson.m in Sources */ = {isa = PBXBuildFile; fileRef = C39A4F3A19D3DF0300EFFA4F /* NSObject+SBJson.m */; };
		C39A4F5319D3DF0300EFFA4F /* SBJsonParser.m in Sources */ = {isa = PBXBuildFile; fileRef = C39A4F3D19D3DF0300EFFA4F /* SBJsonParser.m */; };
		C39A4F5419D3DF0300EFFA4F /* SBJsonStreamParser.m in Sources */ = {isa = PBXBuildFile; fileRef = C39A4F3F19D3DF0300EFFA4F /* SBJsonStreamParser.m */; };
		C39A4F5519D3DF0300EFFA4F /* SBJsonStreamParserAccumulator.m in Sources */ = {isa = PBXBuildFile; fileRef = C39A4F4119D3DF0300EFFA4F /* SBJsonStreamParserAccumulator.m */; };
		C39A4F5619D3DF0300EFFA4F /* SBJsonStreamParserAdapter.m in Sources */ = {isa = PBXBuildFile; fileRef = C39A4F4319D3DF0300EFFA4F /* SBJsonStreamParserAdapter.m */; };
		C39A4F5719D3DF0300EFFA4F /* SBJsonStreamParserState.m in Sources */ = {isa = PBXBuildFile; fileRef = C39A4F4519D3DF0300EFFA4F /* SBJsonStreamParserState.m */; };
		C39A4F5819D3DF0300EFFA4F /* SBJsonStreamWriter.m in Sources */ = {isa = PBXBuildFile; fileRef = C39A4F4719D3DF0300EFFA4F /* SBJsonStreamWriter.m */; };
		C39A4F5919D3DF0300EFFA4F /* SBJsonStreamWriterAccumulator.m in Sources */ = {isa = PBXBuildFile; fileRef = C39A4F4919D3DF0300EFFA4F /* SBJsonStreamWriterAccumulator.m */; };
		C39A4F5A19D3DF0300EFFA4F /* SBJsonStreamWriterState.m in Sources */ = {isa = PBXBuildFile; fileRef = C39A4F4B19D3DF0300EFFA4F /* SBJsonStreamWriterState.m */; };
		C39A4F5B19D3DF0300EFFA4F /* SBJsonTokeniser.m in Sources */ = {isa = PBXBuildFile; fileRef = C39A4F4D19D3DF0300EFFA4F /* SBJsonTokeniser.m */; };
		C39A4F5C19D3DF0300EFFA4F /* SBJsonUTF8Stream.m in Sources */ = {isa = PBXBuildFile; fileRef = C39A4F4F19D3DF0300EFFA4F /* SBJsonUTF8Stream.m */; };
		C39A4F5D19D3DF0300EFFA4F /* SBJsonWriter.m in Sources */ = {isa = PBXBuildFile; fileRef = C39A4F5119D3DF0300EFFA4F /* SBJsonWriter.m */; };
		C3A41CC719ED2B5C00751041 /* nflSplashscreen.jpg in Resources */ = {isa = PBXBuildFile; fileRef = C3A41CC519ED2B5C00751041 /* nflSplashscreen.jpg */; };
		C3A41CC819ED2B5C00751041 /* nfltriviaSplashscreen.jpg in Resources */ = {isa = PBXBuildFile; fileRef = C3A41CC619ED2B5C00751041 /* nfltriviaSplashscreen.jpg */; };
		C3AB91F419EB9AB900D53FA0 /* thirdCategoryViewController.m in Sources */ = {isa = PBXBuildFile; fileRef = C3AB91F319EB9AB900D53FA0 /* thirdCategoryViewController.m */; };
		C3AB91F719EB9BE200D53FA0 /* cheeseViewController.m in Sources */ = {isa = PBXBuildFile; fileRef = C3AB91F619EB9BE200D53FA0 /* cheeseViewController.m */; };
		C3AB91FA19EBA90900D53FA0 /* resultViewController.m in Sources */ = {isa = PBXBuildFile; fileRef = C3AB91F919EBA90900D53FA0 /* resultViewController.m */; };
		C3B2E72119C2F9D3001CE834 /* FacebookSDK.framework in Frameworks */ = {isa = PBXBuildFile; fileRef = C3B2E72019C2F9D3001CE834 /* FacebookSDK.framework */; };
		C3B2E72419C2FDD8001CE834 /* fbLoginPage.m in Sources */ = {isa = PBXBuildFile; fileRef = C3B2E72319C2FDD8001CE834 /* fbLoginPage.m */; };
		C3B6959519E79A7800755433 /* firstCategoryDuplicateViewController.m in Sources */ = {isa = PBXBuildFile; fileRef = C3B6959419E79A7800755433 /* firstCategoryDuplicateViewController.m */; };
		C3B6959819E7EC4100755433 /* twoCategoryViewController.m in Sources */ = {isa = PBXBuildFile; fileRef = C3B6959719E7EC4100755433 /* twoCategoryViewController.m */; };
/* End PBXBuildFile section */

/* Begin PBXContainerItemProxy section */
		C3988CE519C16D9900257D2A /* PBXContainerItemProxy */ = {
			isa = PBXContainerItemProxy;
			containerPortal = C3988CB719C16D9900257D2A /* Project object */;
			proxyType = 1;
			remoteGlobalIDString = C3988CBE19C16D9900257D2A;
			remoteInfo = NFLtrivia;
		};
/* End PBXContainerItemProxy section */

/* Begin PBXFileReference section */
		C3043BF019C1A94600AF8C86 /* logosCollectionViewController.h */ = {isa = PBXFileReference; fileEncoding = 4; lastKnownFileType = sourcecode.c.h; path = logosCollectionViewController.h; sourceTree = "<group>"; };
		C3043BF119C1A94600AF8C86 /* logosCollectionViewController.m */ = {isa = PBXFileReference; fileEncoding = 4; lastKnownFileType = sourcecode.c.objc; path = logosCollectionViewController.m; sourceTree = "<group>"; };
		C3043BF319C1C20700AF8C86 /* myCell.h */ = {isa = PBXFileReference; fileEncoding = 4; lastKnownFileType = sourcecode.c.h; path = myCell.h; sourceTree = "<group>"; };
		C3043BF419C1C20700AF8C86 /* myCell.m */ = {isa = PBXFileReference; fileEncoding = 4; lastKnownFileType = sourcecode.c.objc; path = myCell.m; sourceTree = "<group>"; };
		C3559DD919E5362E000E0E59 /* secondCategoryViewController.h */ = {isa = PBXFileReference; fileEncoding = 4; lastKnownFileType = sourcecode.c.h; path = secondCategoryViewController.h; sourceTree = "<group>"; };
		C3559DDA19E5362E000E0E59 /* secondCategoryViewController.m */ = {isa = PBXFileReference; fileEncoding = 4; lastKnownFileType = sourcecode.c.objc; path = secondCategoryViewController.m; sourceTree = "<group>"; };
		C395B24D19E90B80001355B4 /* firstQuestionFinishedViewController.h */ = {isa = PBXFileReference; fileEncoding = 4; lastKnownFileType = sourcecode.c.h; path = firstQuestionFinishedViewController.h; sourceTree = "<group>"; };
		C395B24E19E90B80001355B4 /* firstQuestionFinishedViewController.m */ = {isa = PBXFileReference; fileEncoding = 4; lastKnownFileType = sourcecode.c.objc; path = firstQuestionFinishedViewController.m; sourceTree = "<group>"; };
		C395B25019E913DB001355B4 /* twoCategorySecondViewController.h */ = {isa = PBXFileReference; fileEncoding = 4; lastKnownFileType = sourcecode.c.h; path = twoCategorySecondViewController.h; sourceTree = "<group>"; };
		C395B25119E913DB001355B4 /* twoCategorySecondViewController.m */ = {isa = PBXFileReference; fileEncoding = 4; lastKnownFileType = sourcecode.c.objc; path = twoCategorySecondViewController.m; sourceTree = "<group>"; };
		C395B25319E944A7001355B4 /* secondQuestionFinishedViewController.h */ = {isa = PBXFileReference; fileEncoding = 4; lastKnownFileType = sourcecode.c.h; path = secondQuestionFinishedViewController.h; sourceTree = "<group>"; };
		C395B25419E944A7001355B4 /* secondQuestionFinishedViewController.m */ = {isa = PBXFileReference; fileEncoding = 4; lastKnownFileType = sourcecode.c.objc; path = secondQuestionFinishedViewController.m; sourceTree = "<group>"; };
		C3988CBF19C16D9900257D2A /* NFLtrivia.app */ = {isa = PBXFileReference; explicitFileType = wrapper.application; includeInIndex = 0; path = NFLtrivia.app; sourceTree = BUILT_PRODUCTS_DIR; };
		C3988CC219C16D9900257D2A /* Foundation.framework */ = {isa = PBXFileReference; lastKnownFileType = wrapper.framework; name = Foundation.framework; path = System/Library/Frameworks/Foundation.framework; sourceTree = SDKROOT; };
		C3988CC419C16D9900257D2A /* CoreGraphics.framework */ = {isa = PBXFileReference; lastKnownFileType = wrapper.framework; name = CoreGraphics.framework; path = System/Library/Frameworks/CoreGraphics.framework; sourceTree = SDKROOT; };
		C3988CC619C16D9900257D2A /* UIKit.framework */ = {isa = PBXFileReference; lastKnownFileType = wrapper.framework; name = UIKit.framework; path = System/Library/Frameworks/UIKit.framework; sourceTree = SDKROOT; };
		C3988CCA19C16D9900257D2A /* NFLtrivia-Info.plist */ = {isa = PBXFileReference; lastKnownFileType = text.plist.xml; path = "NFLtrivia-Info.plist"; sourceTree = "<group>"; };
		C3988CCC19C16D9900257D2A /* en */ = {isa = PBXFileReference; lastKnownFileType = text.plist.strings; name = en; path = en.lproj/InfoPlist.strings; sourceTree = "<group>"; };
		C3988CCE19C16D9900257D2A /* main.m */ = {isa = PBXFileReference; lastKnownFileType = sourcecode.c.objc; path = main.m; sourceTree = "<group>"; };
		C3988CD019C16D9900257D2A /* NFLtrivia-Prefix.pch */ = {isa = PBXFileReference; lastKnownFileType = sourcecode.c.h; path = "NFLtrivia-Prefix.pch"; sourceTree = "<group>"; };
		C3988CD119C16D9900257D2A /* AppDelegate.h */ = {isa = PBXFileReference; lastKnownFileType = sourcecode.c.h; path = AppDelegate.h; sourceTree = "<group>"; };
		C3988CD219C16D9900257D2A /* AppDelegate.m */ = {isa = PBXFileReference; lastKnownFileType = sourcecode.c.objc; path = AppDelegate.m; sourceTree = "<group>"; };
		C3988CD519C16D9900257D2A /* Base */ = {isa = PBXFileReference; lastKnownFileType = file.storyboard; name = Base; path = Base.lproj/Main.storyboard; sourceTree = "<group>"; };
		C3988CD719C16D9900257D2A /* ViewController.h */ = {isa = PBXFileReference; lastKnownFileType = sourcecode.c.h; path = ViewController.h; sourceTree = "<group>"; };
		C3988CD819C16D9900257D2A /* ViewController.m */ = {isa = PBXFileReference; lastKnownFileType = sourcecode.c.objc; path = ViewController.m; sourceTree = "<group>"; };
		C3988CDA19C16D9900257D2A /* Images.xcassets */ = {isa = PBXFileReference; lastKnownFileType = folder.assetcatalog; path = Images.xcassets; sourceTree = "<group>"; };
		C3988CE019C16D9900257D2A /* NFLtriviaTests.xctest */ = {isa = PBXFileReference; explicitFileType = wrapper.cfbundle; includeInIndex = 0; path = NFLtriviaTests.xctest; sourceTree = BUILT_PRODUCTS_DIR; };
		C3988CE119C16D9900257D2A /* XCTest.framework */ = {isa = PBXFileReference; lastKnownFileType = wrapper.framework; name = XCTest.framework; path = Library/Frameworks/XCTest.framework; sourceTree = DEVELOPER_DIR; };
		C3988CE919C16D9900257D2A /* NFLtriviaTests-Info.plist */ = {isa = PBXFileReference; lastKnownFileType = text.plist.xml; path = "NFLtriviaTests-Info.plist"; sourceTree = "<group>"; };
		C3988CEB19C16D9900257D2A /* en */ = {isa = PBXFileReference; lastKnownFileType = text.plist.strings; name = en; path = en.lproj/InfoPlist.strings; sourceTree = "<group>"; };
		C3988CED19C16D9900257D2A /* NFLtriviaTests.m */ = {isa = PBXFileReference; lastKnownFileType = sourcecode.c.objc; path = NFLtriviaTests.m; sourceTree = "<group>"; };
		C3988D3E19C19ACB00257D2A /* fbcredentialsViewController.h */ = {isa = PBXFileReference; fileEncoding = 4; lastKnownFileType = sourcecode.c.h; path = fbcredentialsViewController.h; sourceTree = "<group>"; };
		C3988D3F19C19ACB00257D2A /* fbcredentialsViewController.m */ = {isa = PBXFileReference; fileEncoding = 4; lastKnownFileType = sourcecode.c.objc; path = fbcredentialsViewController.m; sourceTree = "<group>"; };
		C3988D4119C1A21000257D2A /* individualLogoViewController.h */ = {isa = PBXFileReference; fileEncoding = 4; lastKnownFileType = sourcecode.c.h; lineEnding = 0; name = individualLogoViewController.h; path = ../individualLogoViewController.h; sourceTree = "<group>"; };
		C3988D4219C1A21000257D2A /* individualLogoViewController.m */ = {isa = PBXFileReference; fileEncoding = 4; lastKnownFileType = sourcecode.c.objc; name = individualLogoViewController.m; path = ../individualLogoViewController.m; sourceTree = "<group>"; };
		C398E26319C96D5B00215301 /* firstCategoryViewController.h */ = {isa = PBXFileReference; fileEncoding = 4; lastKnownFileType = sourcecode.c.h; path = firstCategoryViewController.h; sourceTree = "<group>"; };
		C398E26419C96D5B00215301 /* firstCategoryViewController.m */ = {isa = PBXFileReference; fileEncoding = 4; lastKnownFileType = sourcecode.c.objc; path = firstCategoryViewController.m; sourceTree = "<group>"; };
		C39A4F3919D3DF0300EFFA4F /* NSObject+SBJson.h */ = {isa = PBXFileReference; fileEncoding = 4; lastKnownFileType = sourcecode.c.h; path = "NSObject+SBJson.h"; sourceTree = "<group>"; };
		C39A4F3A19D3DF0300EFFA4F /* NSObject+SBJson.m */ = {isa = PBXFileReference; fileEncoding = 4; lastKnownFileType = sourcecode.c.objc; path = "NSObject+SBJson.m"; sourceTree = "<group>"; };
		C39A4F3B19D3DF0300EFFA4F /* SBJson.h */ = {isa = PBXFileReference; fileEncoding = 4; lastKnownFileType = sourcecode.c.h; path = SBJson.h; sourceTree = "<group>"; };
		C39A4F3C19D3DF0300EFFA4F /* SBJsonParser.h */ = {isa = PBXFileReference; fileEncoding = 4; lastKnownFileType = sourcecode.c.h; path = SBJsonParser.h; sourceTree = "<group>"; };
		C39A4F3D19D3DF0300EFFA4F /* SBJsonParser.m */ = {isa = PBXFileReference; fileEncoding = 4; lastKnownFileType = sourcecode.c.objc; path = SBJsonParser.m; sourceTree = "<group>"; };
		C39A4F3E19D3DF0300EFFA4F /* SBJsonStreamParser.h */ = {isa = PBXFileReference; fileEncoding = 4; lastKnownFileType = sourcecode.c.h; path = SBJsonStreamParser.h; sourceTree = "<group>"; };
		C39A4F3F19D3DF0300EFFA4F /* SBJsonStreamParser.m */ = {isa = PBXFileReference; fileEncoding = 4; lastKnownFileType = sourcecode.c.objc; path = SBJsonStreamParser.m; sourceTree = "<group>"; };
		C39A4F4019D3DF0300EFFA4F /* SBJsonStreamParserAccumulator.h */ = {isa = PBXFileReference; fileEncoding = 4; lastKnownFileType = sourcecode.c.h; path = SBJsonStreamParserAccumulator.h; sourceTree = "<group>"; };
		C39A4F4119D3DF0300EFFA4F /* SBJsonStreamParserAccumulator.m */ = {isa = PBXFileReference; fileEncoding = 4; lastKnownFileType = sourcecode.c.objc; path = SBJsonStreamParserAccumulator.m; sourceTree = "<group>"; };
		C39A4F4219D3DF0300EFFA4F /* SBJsonStreamParserAdapter.h */ = {isa = PBXFileReference; fileEncoding = 4; lastKnownFileType = sourcecode.c.h; path = SBJsonStreamParserAdapter.h; sourceTree = "<group>"; };
		C39A4F4319D3DF0300EFFA4F /* SBJsonStreamParserAdapter.m */ = {isa = PBXFileReference; fileEncoding = 4; lastKnownFileType = sourcecode.c.objc; path = SBJsonStreamParserAdapter.m; sourceTree = "<group>"; };
		C39A4F4419D3DF0300EFFA4F /* SBJsonStreamParserState.h */ = {isa = PBXFileReference; fileEncoding = 4; lastKnownFileType = sourcecode.c.h; path = SBJsonStreamParserState.h; sourceTree = "<group>"; };
		C39A4F4519D3DF0300EFFA4F /* SBJsonStreamParserState.m */ = {isa = PBXFileReference; fileEncoding = 4; lastKnownFileType = sourcecode.c.objc; path = SBJsonStreamParserState.m; sourceTree = "<group>"; };
		C39A4F4619D3DF0300EFFA4F /* SBJsonStreamWriter.h */ = {isa = PBXFileReference; fileEncoding = 4; lastKnownFileType = sourcecode.c.h; path = SBJsonStreamWriter.h; sourceTree = "<group>"; };
		C39A4F4719D3DF0300EFFA4F /* SBJsonStreamWriter.m */ = {isa = PBXFileReference; fileEncoding = 4; lastKnownFileType = sourcecode.c.objc; path = SBJsonStreamWriter.m; sourceTree = "<group>"; };
		C39A4F4819D3DF0300EFFA4F /* SBJsonStreamWriterAccumulator.h */ = {isa = PBXFileReference; fileEncoding = 4; lastKnownFileType = sourcecode.c.h; path = SBJsonStreamWriterAccumulator.h; sourceTree = "<group>"; };
		C39A4F4919D3DF0300EFFA4F /* SBJsonStreamWriterAccumulator.m */ = {isa = PBXFileReference; fileEncoding = 4; lastKnownFileType = sourcecode.c.objc; path = SBJsonStreamWriterAccumulator.m; sourceTree = "<group>"; };
		C39A4F4A19D3DF0300EFFA4F /* SBJsonStreamWriterState.h */ = {isa = PBXFileReference; fileEncoding = 4; lastKnownFileType = sourcecode.c.h; path = SBJsonStreamWriterState.h; sourceTree = "<group>"; };
		C39A4F4B19D3DF0300EFFA4F /* SBJsonStreamWriterState.m */ = {isa = PBXFileReference; fileEncoding = 4; lastKnownFileType = sourcecode.c.objc; path = SBJsonStreamWriterState.m; sourceTree = "<group>"; };
		C39A4F4C19D3DF0300EFFA4F /* SBJsonTokeniser.h */ = {isa = PBXFileReference; fileEncoding = 4; lastKnownFileType = sourcecode.c.h; path = SBJsonTokeniser.h; sourceTree = "<group>"; };
		C39A4F4D19D3DF0300EFFA4F /* SBJsonTokeniser.m */ = {isa = PBXFileReference; fileEncoding = 4; lastKnownFileType = sourcecode.c.objc; path = SBJsonTokeniser.m; sourceTree = "<group>"; };
		C39A4F4E19D3DF0300EFFA4F /* SBJsonUTF8Stream.h */ = {isa = PBXFileReference; fileEncoding = 4; lastKnownFileType = sourcecode.c.h; path = SBJsonUTF8Stream.h; sourceTree = "<group>"; };
		C39A4F4F19D3DF0300EFFA4F /* SBJsonUTF8Stream.m */ = {isa = PBXFileReference; fileEncoding = 4; lastKnownFileType = sourcecode.c.objc; path = SBJsonUTF8Stream.m; sourceTree = "<group>"; };
		C39A4F5019D3DF0300EFFA4F /* SBJsonWriter.h */ = {isa = PBXFileReference; fileEncoding = 4; lastKnownFileType = sourcecode.c.h; path = SBJsonWriter.h; sourceTree = "<group>"; };
		C39A4F5119D3DF0300EFFA4F /* SBJsonWriter.m */ = {isa = PBXFileReference; fileEncoding = 4; lastKnownFileType = sourcecode.c.objc; path = SBJsonWriter.m; sourceTree = "<group>"; };
		C3A41CC519ED2B5C00751041 /* nflSplashscreen.jpg */ = {isa = PBXFileReference; lastKnownFileType = image.jpeg; path = nflSplashscreen.jpg; sourceTree = "<group>"; };
		C3A41CC619ED2B5C00751041 /* nfltriviaSplashscreen.jpg */ = {isa = PBXFileReference; lastKnownFileType = image.jpeg; path = nfltriviaSplashscreen.jpg; sourceTree = "<group>"; };
		C3AB91F219EB9AB900D53FA0 /* thirdCategoryViewController.h */ = {isa = PBXFileReference; fileEncoding = 4; lastKnownFileType = sourcecode.c.h; path = thirdCategoryViewController.h; sourceTree = "<group>"; };
		C3AB91F319EB9AB900D53FA0 /* thirdCategoryViewController.m */ = {isa = PBXFileReference; fileEncoding = 4; lastKnownFileType = sourcecode.c.objc; path = thirdCategoryViewController.m; sourceTree = "<group>"; };
		C3AB91F519EB9BE200D53FA0 /* cheeseViewController.h */ = {isa = PBXFileReference; fileEncoding = 4; lastKnownFileType = sourcecode.c.h; path = cheeseViewController.h; sourceTree = "<group>"; };
		C3AB91F619EB9BE200D53FA0 /* cheeseViewController.m */ = {isa = PBXFileReference; fileEncoding = 4; lastKnownFileType = sourcecode.c.objc; path = cheeseViewController.m; sourceTree = "<group>"; };
		C3AB91F819EBA90900D53FA0 /* resultViewController.h */ = {isa = PBXFileReference; fileEncoding = 4; lastKnownFileType = sourcecode.c.h; path = resultViewController.h; sourceTree = "<group>"; };
		C3AB91F919EBA90900D53FA0 /* resultViewController.m */ = {isa = PBXFileReference; fileEncoding = 4; lastKnownFileType = sourcecode.c.objc; path = resultViewController.m; sourceTree = "<group>"; };
		C3B2E72019C2F9D3001CE834 /* FacebookSDK.framework */ = {isa = PBXFileReference; lastKnownFileType = wrapper.framework; path = FacebookSDK.framework; sourceTree = "<group>"; };
		C3B2E72219C2FDD8001CE834 /* fbLoginPage.h */ = {isa = PBXFileReference; fileEncoding = 4; lastKnownFileType = sourcecode.c.h; path = fbLoginPage.h; sourceTree = "<group>"; };
		C3B2E72319C2FDD8001CE834 /* fbLoginPage.m */ = {isa = PBXFileReference; fileEncoding = 4; lastKnownFileType = sourcecode.c.objc; path = fbLoginPage.m; sourceTree = "<group>"; };
		C3B6959319E79A7800755433 /* firstCategoryDuplicateViewController.h */ = {isa = PBXFileReference; fileEncoding = 4; lastKnownFileType = sourcecode.c.h; path = firstCategoryDuplicateViewController.h; sourceTree = "<group>"; };
		C3B6959419E79A7800755433 /* firstCategoryDuplicateViewController.m */ = {isa = PBXFileReference; fileEncoding = 4; lastKnownFileType = sourcecode.c.objc; path = firstCategoryDuplicateViewController.m; sourceTree = "<group>"; };
		C3B6959619E7EC4100755433 /* twoCategoryViewController.h */ = {isa = PBXFileReference; fileEncoding = 4; lastKnownFileType = sourcecode.c.h; path = twoCategoryViewController.h; sourceTree = "<group>"; };
		C3B6959719E7EC4100755433 /* twoCategoryViewController.m */ = {isa = PBXFileReference; fileEncoding = 4; lastKnownFileType = sourcecode.c.objc; path = twoCategoryViewController.m; sourceTree = "<group>"; };
/* End PBXFileReference section */

/* Begin PBXFrameworksBuildPhase section */
		C3988CBC19C16D9900257D2A /* Frameworks */ = {
			isa = PBXFrameworksBuildPhase;
			buildActionMask = 2147483647;
			files = (
				C3988CC519C16D9900257D2A /* CoreGraphics.framework in Frameworks */,
				C3B2E72119C2F9D3001CE834 /* FacebookSDK.framework in Frameworks */,
				C3988CC719C16D9900257D2A /* UIKit.framework in Frameworks */,
				C3988CC319C16D9900257D2A /* Foundation.framework in Frameworks */,
			);
			runOnlyForDeploymentPostprocessing = 0;
		};
		C3988CDD19C16D9900257D2A /* Frameworks */ = {
			isa = PBXFrameworksBuildPhase;
			buildActionMask = 2147483647;
			files = (
				C3988CE219C16D9900257D2A /* XCTest.framework in Frameworks */,
				C3988CE419C16D9900257D2A /* UIKit.framework in Frameworks */,
				C3988CE319C16D9900257D2A /* Foundation.framework in Frameworks */,
			);
			runOnlyForDeploymentPostprocessing = 0;
		};
/* End PBXFrameworksBuildPhase section */

/* Begin PBXGroup section */
		C3988CB619C16D9900257D2A = {
			isa = PBXGroup;
			children = (
				C39A4F3819D3DF0300EFFA4F /* SBJSON */,
				C3988CC819C16D9900257D2A /* NFLtrivia */,
				C3988CE719C16D9900257D2A /* NFLtriviaTests */,
				C3988CC119C16D9900257D2A /* Frameworks */,
				C3988CC019C16D9900257D2A /* Products */,
			);
			sourceTree = "<group>";
		};
		C3988CC019C16D9900257D2A /* Products */ = {
			isa = PBXGroup;
			children = (
				C3988CBF19C16D9900257D2A /* NFLtrivia.app */,
				C3988CE019C16D9900257D2A /* NFLtriviaTests.xctest */,
			);
			name = Products;
			sourceTree = "<group>";
		};
		C3988CC119C16D9900257D2A /* Frameworks */ = {
			isa = PBXGroup;
			children = (
				C3B2E72019C2F9D3001CE834 /* FacebookSDK.framework */,
				C3988CC219C16D9900257D2A /* Foundation.framework */,
				C3988CC419C16D9900257D2A /* CoreGraphics.framework */,
				C3988CC619C16D9900257D2A /* UIKit.framework */,
				C3988CE119C16D9900257D2A /* XCTest.framework */,
			);
			name = Frameworks;
			sourceTree = "<group>";
		};
		C3988CC819C16D9900257D2A /* NFLtrivia */ = {
			isa = PBXGroup;
			children = (
				C3AB91F819EBA90900D53FA0 /* resultViewController.h */,
				C3AB91F919EBA90900D53FA0 /* resultViewController.m */,
				C3AB91F519EB9BE200D53FA0 /* cheeseViewController.h */,
				C3AB91F619EB9BE200D53FA0 /* cheeseViewController.m */,
				C3AB91F219EB9AB900D53FA0 /* thirdCategoryViewController.h */,
				C3AB91F319EB9AB900D53FA0 /* thirdCategoryViewController.m */,
				C395B25319E944A7001355B4 /* secondQuestionFinishedViewController.h */,
				C395B25419E944A7001355B4 /* secondQuestionFinishedViewController.m */,
				C395B25019E913DB001355B4 /* twoCategorySecondViewController.h */,
				C395B25119E913DB001355B4 /* twoCategorySecondViewController.m */,
				C395B24D19E90B80001355B4 /* firstQuestionFinishedViewController.h */,
				C395B24E19E90B80001355B4 /* firstQuestionFinishedViewController.m */,
				C3B6959619E7EC4100755433 /* twoCategoryViewController.h */,
				C3B6959719E7EC4100755433 /* twoCategoryViewController.m */,
				C3B6959319E79A7800755433 /* firstCategoryDuplicateViewController.h */,
				C3B6959419E79A7800755433 /* firstCategoryDuplicateViewController.m */,
				C3559DD919E5362E000E0E59 /* secondCategoryViewController.h */,
				C3559DDA19E5362E000E0E59 /* secondCategoryViewController.m */,
				C398E26319C96D5B00215301 /* firstCategoryViewController.h */,
				C398E26419C96D5B00215301 /* firstCategoryViewController.m */,
				C3B2E72219C2FDD8001CE834 /* fbLoginPage.h */,
				C3B2E72319C2FDD8001CE834 /* fbLoginPage.m */,
				C3043BF319C1C20700AF8C86 /* myCell.h */,
				C3043BF419C1C20700AF8C86 /* myCell.m */,
				C3043BF019C1A94600AF8C86 /* logosCollectionViewController.h */,
				C3043BF119C1A94600AF8C86 /* logosCollectionViewController.m */,
				C3988D3E19C19ACB00257D2A /* fbcredentialsViewController.h */,
				C3988D3F19C19ACB00257D2A /* fbcredentialsViewController.m */,
				C3988D4119C1A21000257D2A /* individualLogoViewController.h */,
				C3988D4219C1A21000257D2A /* individualLogoViewController.m */,
				C3988CD119C16D9900257D2A /* AppDelegate.h */,
				C3988CD219C16D9900257D2A /* AppDelegate.m */,
				C3988CD419C16D9900257D2A /* Main.storyboard */,
				C3988CD719C16D9900257D2A /* ViewController.h */,
				C3988CD819C16D9900257D2A /* ViewController.m */,
				C3988CDA19C16D9900257D2A /* Images.xcassets */,
				C3988CF719C16F4700257D2A /* Images */,
			);
			path = NFLtrivia;
			sourceTree = "<group>";
		};
		C3988CC919C16D9900257D2A /* Supporting Files */ = {
			isa = PBXGroup;
			children = (
				C3988CCA19C16D9900257D2A /* NFLtrivia-Info.plist */,
				C3988CCB19C16D9900257D2A /* InfoPlist.strings */,
				C3988CCE19C16D9900257D2A /* main.m */,
				C3988CD019C16D9900257D2A /* NFLtrivia-Prefix.pch */,
			);
			name = "Supporting Files";
			sourceTree = "<group>";
		};
		C3988CE719C16D9900257D2A /* NFLtriviaTests */ = {
			isa = PBXGroup;
			children = (
				C3988CED19C16D9900257D2A /* NFLtriviaTests.m */,
				C3988CE819C16D9900257D2A /* Supporting Files */,
			);
			path = NFLtriviaTests;
			sourceTree = "<group>";
		};
		C3988CE819C16D9900257D2A /* Supporting Files */ = {
			isa = PBXGroup;
			children = (
				C3988CE919C16D9900257D2A /* NFLtriviaTests-Info.plist */,
				C3988CEA19C16D9900257D2A /* InfoPlist.strings */,
			);
			name = "Supporting Files";
			sourceTree = "<group>";
		};
		C3988CF719C16F4700257D2A /* Images */ = {
			isa = PBXGroup;
			children = (
				C3A41CC519ED2B5C00751041 /* nflSplashscreen.jpg */,
				C3A41CC619ED2B5C00751041 /* nfltriviaSplashscreen.jpg */,
				C3988CC919C16D9900257D2A /* Supporting Files */,
			);
			name = Images;
			sourceTree = "<group>";
		};
		C39A4F3819D3DF0300EFFA4F /* SBJSON */ = {
			isa = PBXGroup;
			children = (
				C39A4F3919D3DF0300EFFA4F /* NSObject+SBJson.h */,
				C39A4F3A19D3DF0300EFFA4F /* NSObject+SBJson.m */,
				C39A4F3B19D3DF0300EFFA4F /* SBJson.h */,
				C39A4F3C19D3DF0300EFFA4F /* SBJsonParser.h */,
				C39A4F3D19D3DF0300EFFA4F /* SBJsonParser.m */,
				C39A4F3E19D3DF0300EFFA4F /* SBJsonStreamParser.h */,
				C39A4F3F19D3DF0300EFFA4F /* SBJsonStreamParser.m */,
				C39A4F4019D3DF0300EFFA4F /* SBJsonStreamParserAccumulator.h */,
				C39A4F4119D3DF0300EFFA4F /* SBJsonStreamParserAccumulator.m */,
				C39A4F4219D3DF0300EFFA4F /* SBJsonStreamParserAdapter.h */,
				C39A4F4319D3DF0300EFFA4F /* SBJsonStreamParserAdapter.m */,
				C39A4F4419D3DF0300EFFA4F /* SBJsonStreamParserState.h */,
				C39A4F4519D3DF0300EFFA4F /* SBJsonStreamParserState.m */,
				C39A4F4619D3DF0300EFFA4F /* SBJsonStreamWriter.h */,
				C39A4F4719D3DF0300EFFA4F /* SBJsonStreamWriter.m */,
				C39A4F4819D3DF0300EFFA4F /* SBJsonStreamWriterAccumulator.h */,
				C39A4F4919D3DF0300EFFA4F /* SBJsonStreamWriterAccumulator.m */,
				C39A4F4A19D3DF0300EFFA4F /* SBJsonStreamWriterState.h */,
				C39A4F4B19D3DF0300EFFA4F /* SBJsonStreamWriterState.m */,
				C39A4F4C19D3DF0300EFFA4F /* SBJsonTokeniser.h */,
				C39A4F4D19D3DF0300EFFA4F /* SBJsonTokeniser.m */,
				C39A4F4E19D3DF0300EFFA4F /* SBJsonUTF8Stream.h */,
				C39A4F4F19D3DF0300EFFA4F /* SBJsonUTF8Stream.m */,
				C39A4F5019D3DF0300EFFA4F /* SBJsonWriter.h */,
				C39A4F5119D3DF0300EFFA4F /* SBJsonWriter.m */,
			);
			path = SBJSON;
			sourceTree = "<group>";
		};
/* End PBXGroup section */

/* Begin PBXNativeTarget section */
		C3988CBE19C16D9900257D2A /* NFLtrivia */ = {
			isa = PBXNativeTarget;
			buildConfigurationList = C3988CF119C16D9900257D2A /* Build configuration list for PBXNativeTarget "NFLtrivia" */;
			buildPhases = (
				C3988CBB19C16D9900257D2A /* Sources */,
				C3988CBC19C16D9900257D2A /* Frameworks */,
				C3988CBD19C16D9900257D2A /* Resources */,
			);
			buildRules = (
			);
			dependencies = (
			);
			name = NFLtrivia;
			productName = NFLtrivia;
			productReference = C3988CBF19C16D9900257D2A /* NFLtrivia.app */;
			productType = "com.apple.product-type.application";
		};
		C3988CDF19C16D9900257D2A /* NFLtriviaTests */ = {
			isa = PBXNativeTarget;
			buildConfigurationList = C3988CF419C16D9900257D2A /* Build configuration list for PBXNativeTarget "NFLtriviaTests" */;
			buildPhases = (
				C3988CDC19C16D9900257D2A /* Sources */,
				C3988CDD19C16D9900257D2A /* Frameworks */,
				C3988CDE19C16D9900257D2A /* Resources */,
			);
			buildRules = (
			);
			dependencies = (
				C3988CE619C16D9900257D2A /* PBXTargetDependency */,
			);
			name = NFLtriviaTests;
			productName = NFLtriviaTests;
			productReference = C3988CE019C16D9900257D2A /* NFLtriviaTests.xctest */;
			productType = "com.apple.product-type.bundle.unit-test";
		};
/* End PBXNativeTarget section */

/* Begin PBXProject section */
		C3988CB719C16D9900257D2A /* Project object */ = {
			isa = PBXProject;
			attributes = {
				LastUpgradeCheck = 0510;
				TargetAttributes = {
					C3988CDF19C16D9900257D2A = {
						TestTargetID = C3988CBE19C16D9900257D2A;
					};
				};
			};
			buildConfigurationList = C3988CBA19C16D9900257D2A /* Build configuration list for PBXProject "NFLtrivia" */;
			compatibilityVersion = "Xcode 3.2";
			developmentRegion = English;
			hasScannedForEncodings = 0;
			knownRegions = (
				en,
				Base,
			);
			mainGroup = C3988CB619C16D9900257D2A;
			productRefGroup = C3988CC019C16D9900257D2A /* Products */;
			projectDirPath = "";
			projectRoot = "";
			targets = (
				C3988CBE19C16D9900257D2A /* NFLtrivia */,
				C3988CDF19C16D9900257D2A /* NFLtriviaTests */,
			);
		};
/* End PBXProject section */

/* Begin PBXResourcesBuildPhase section */
		C3988CBD19C16D9900257D2A /* Resources */ = {
			isa = PBXResourcesBuildPhase;
			buildActionMask = 2147483647;
			files = (
				C3988CDB19C16D9900257D2A /* Images.xcassets in Resources */,
				C3A41CC719ED2B5C00751041 /* nflSplashscreen.jpg in Resources */,
				C3988CCD19C16D9900257D2A /* InfoPlist.strings in Resources */,
				C3A41CC819ED2B5C00751041 /* nfltriviaSplashscreen.jpg in Resources */,
				C3988CD619C16D9900257D2A /* Main.storyboard in Resources */,
			);
			runOnlyForDeploymentPostprocessing = 0;
		};
		C3988CDE19C16D9900257D2A /* Resources */ = {
			isa = PBXResourcesBuildPhase;
			buildActionMask = 2147483647;
			files = (
				C3988CEC19C16D9900257D2A /* InfoPlist.strings in Resources */,
			);
			runOnlyForDeploymentPostprocessing = 0;
		};
/* End PBXResourcesBuildPhase section */

/* Begin PBXSourcesBuildPhase section */
		C3988CBB19C16D9900257D2A /* Sources */ = {
			isa = PBXSourcesBuildPhase;
			buildActionMask = 2147483647;
			files = (
				C3988CD919C16D9900257D2A /* ViewController.m in Sources */,
				C3AB91F719EB9BE200D53FA0 /* cheeseViewController.m in Sources */,
				C39A4F5919D3DF0300EFFA4F /* SBJsonStreamWriterAccumulator.m in Sources */,
				C39A4F5619D3DF0300EFFA4F /* SBJsonStreamParserAdapter.m in Sources */,
				C39A4F5C19D3DF0300EFFA4F /* SBJsonUTF8Stream.m in Sources */,
				C3988D4019C19ACC00257D2A /* fbcredentialsViewController.m in Sources */,
				C39A4F5719D3DF0300EFFA4F /* SBJsonStreamParserState.m in Sources */,
				C3043BF519C1C20700AF8C86 /* myCell.m in Sources */,
				C395B24F19E90B80001355B4 /* firstQuestionFinishedViewController.m in Sources */,
				C3B6959519E79A7800755433 /* firstCategoryDuplicateViewController.m in Sources */,
				C39A4F5D19D3DF0300EFFA4F /* SBJsonWriter.m in Sources */,
				C39A4F5419D3DF0300EFFA4F /* SBJsonStreamParser.m in Sources */,
				C398E26519C96D5B00215301 /* firstCategoryViewController.m in Sources */,
				C39A4F5819D3DF0300EFFA4F /* SBJsonStreamWriter.m in Sources */,
				C39A4F5A19D3DF0300EFFA4F /* SBJsonStreamWriterState.m in Sources */,
				C39A4F5319D3DF0300EFFA4F /* SBJsonParser.m in Sources */,
				C39A4F5B19D3DF0300EFFA4F /* SBJsonTokeniser.m in Sources */,
				C3988D4319C1A21000257D2A /* individualLogoViewController.m in Sources */,
				C3043BF219C1A94600AF8C86 /* logosCollectionViewController.m in Sources */,
				C3988CD319C16D9900257D2A /* AppDelegate.m in Sources */,
				C3B2E72419C2FDD8001CE834 /* fbLoginPage.m in Sources */,
				C39A4F5519D3DF0300EFFA4F /* SBJsonStreamParserAccumulator.m in Sources */,
				C395B25219E913DB001355B4 /* twoCategorySecondViewController.m in Sources */,
				C39A4F5219D3DF0300EFFA4F /* NSObject+SBJson.m in Sources */,
				C3B6959819E7EC4100755433 /* twoCategoryViewController.m in Sources */,
				C3AB91F419EB9AB900D53FA0 /* thirdCategoryViewController.m in Sources */,
				C3559DDB19E5362E000E0E59 /* secondCategoryViewController.m in Sources */,
				C3AB91FA19EBA90900D53FA0 /* resultViewController.m in Sources */,
				C3988CCF19C16D9900257D2A /* main.m in Sources */,
				C395B25519E944A7001355B4 /* secondQuestionFinishedViewController.m in Sources */,
			);
			runOnlyForDeploymentPostprocessing = 0;
		};
		C3988CDC19C16D9900257D2A /* Sources */ = {
			isa = PBXSourcesBuildPhase;
			buildActionMask = 2147483647;
			files = (
				C3988CEE19C16D9900257D2A /* NFLtriviaTests.m in Sources */,
			);
			runOnlyForDeploymentPostprocessing = 0;
		};
/* End PBXSourcesBuildPhase section */

/* Begin PBXTargetDependency section */
		C3988CE619C16D9900257D2A /* PBXTargetDependency */ = {
			isa = PBXTargetDependency;
			target = C3988CBE19C16D9900257D2A /* NFLtrivia */;
			targetProxy = C3988CE519C16D9900257D2A /* PBXContainerItemProxy */;
		};
/* End PBXTargetDependency section */

/* Begin PBXVariantGroup section */
		C3988CCB19C16D9900257D2A /* InfoPlist.strings */ = {
			isa = PBXVariantGroup;
			children = (
				C3988CCC19C16D9900257D2A /* en */,
			);
			name = InfoPlist.strings;
			sourceTree = "<group>";
		};
		C3988CD419C16D9900257D2A /* Main.storyboard */ = {
			isa = PBXVariantGroup;
			children = (
				C3988CD519C16D9900257D2A /* Base */,
			);
			name = Main.storyboard;
			sourceTree = "<group>";
		};
		C3988CEA19C16D9900257D2A /* InfoPlist.strings */ = {
			isa = PBXVariantGroup;
			children = (
				C3988CEB19C16D9900257D2A /* en */,
			);
			name = InfoPlist.strings;
			sourceTree = "<group>";
		};
/* End PBXVariantGroup section */

/* Begin XCBuildConfiguration section */
		C3988CEF19C16D9900257D2A /* Debug */ = {
			isa = XCBuildConfiguration;
			buildSettings = {
				ALWAYS_SEARCH_USER_PATHS = NO;
				CLANG_CXX_LANGUAGE_STANDARD = "gnu++0x";
				CLANG_CXX_LIBRARY = "libc++";
				CLANG_ENABLE_MODULES = YES;
				CLANG_ENABLE_OBJC_ARC = YES;
				CLANG_WARN_BOOL_CONVERSION = YES;
				CLANG_WARN_CONSTANT_CONVERSION = YES;
				CLANG_WARN_DIRECT_OBJC_ISA_USAGE = YES_ERROR;
				CLANG_WARN_EMPTY_BODY = YES;
				CLANG_WARN_ENUM_CONVERSION = YES;
				CLANG_WARN_INT_CONVERSION = YES;
				CLANG_WARN_OBJC_ROOT_CLASS = YES_ERROR;
				CLANG_WARN__DUPLICATE_METHOD_MATCH = YES;
				"CODE_SIGN_IDENTITY[sdk=iphoneos*]" = "iPhone Developer";
				COPY_PHASE_STRIP = NO;
				GCC_C_LANGUAGE_STANDARD = gnu99;
				GCC_DYNAMIC_NO_PIC = NO;
				GCC_OPTIMIZATION_LEVEL = 0;
				GCC_PREPROCESSOR_DEFINITIONS = (
					"DEBUG=1",
					"$(inherited)",
				);
				GCC_SYMBOLS_PRIVATE_EXTERN = NO;
				GCC_WARN_64_TO_32_BIT_CONVERSION = YES;
				GCC_WARN_ABOUT_RETURN_TYPE = YES_ERROR;
				GCC_WARN_UNDECLARED_SELECTOR = YES;
				GCC_WARN_UNINITIALIZED_AUTOS = YES_AGGRESSIVE;
				GCC_WARN_UNUSED_FUNCTION = YES;
				GCC_WARN_UNUSED_VARIABLE = YES;
				IPHONEOS_DEPLOYMENT_TARGET = 7.1;
				ONLY_ACTIVE_ARCH = YES;
				SDKROOT = iphoneos;
			};
			name = Debug;
		};
		C3988CF019C16D9900257D2A /* Release */ = {
			isa = XCBuildConfiguration;
			buildSettings = {
				ALWAYS_SEARCH_USER_PATHS = NO;
				CLANG_CXX_LANGUAGE_STANDARD = "gnu++0x";
				CLANG_CXX_LIBRARY = "libc++";
				CLANG_ENABLE_MODULES = YES;
				CLANG_ENABLE_OBJC_ARC = YES;
				CLANG_WARN_BOOL_CONVERSION = YES;
				CLANG_WARN_CONSTANT_CONVERSION = YES;
				CLANG_WARN_DIRECT_OBJC_ISA_USAGE = YES_ERROR;
				CLANG_WARN_EMPTY_BODY = YES;
				CLANG_WARN_ENUM_CONVERSION = YES;
				CLANG_WARN_INT_CONVERSION = YES;
				CLANG_WARN_OBJC_ROOT_CLASS = YES_ERROR;
				CLANG_WARN__DUPLICATE_METHOD_MATCH = YES;
				"CODE_SIGN_IDENTITY[sdk=iphoneos*]" = "iPhone Developer";
				COPY_PHASE_STRIP = YES;
				ENABLE_NS_ASSERTIONS = NO;
				GCC_C_LANGUAGE_STANDARD = gnu99;
				GCC_WARN_64_TO_32_BIT_CONVERSION = YES;
				GCC_WARN_ABOUT_RETURN_TYPE = YES_ERROR;
				GCC_WARN_UNDECLARED_SELECTOR = YES;
				GCC_WARN_UNINITIALIZED_AUTOS = YES_AGGRESSIVE;
				GCC_WARN_UNUSED_FUNCTION = YES;
				GCC_WARN_UNUSED_VARIABLE = YES;
				IPHONEOS_DEPLOYMENT_TARGET = 7.1;
				SDKROOT = iphoneos;
				VALIDATE_PRODUCT = YES;
			};
			name = Release;
		};
		C3988CF219C16D9900257D2A /* Debug */ = {
			isa = XCBuildConfiguration;
			buildSettings = {
				ASSETCATALOG_COMPILER_APPICON_NAME = AppIcon;
				ASSETCATALOG_COMPILER_LAUNCHIMAGE_NAME = LaunchImage;
				CODE_SIGN_IDENTITY = "iPhone Developer";
				"CODE_SIGN_IDENTITY[sdk=iphoneos*]" = "iPhone Developer";
				FRAMEWORK_SEARCH_PATHS = (
					"$(inherited)",
					"$(PROJECT_DIR)",
				);
				GCC_PRECOMPILE_PREFIX_HEADER = YES;
				GCC_PREFIX_HEADER = "NFLtrivia/NFLtrivia-Prefix.pch";
				INFOPLIST_FILE = "NFLtrivia/NFLtrivia-Info.plist";
				IPHONEOS_DEPLOYMENT_TARGET = 7.0;
				PRODUCT_NAME = "$(TARGET_NAME)";
				PROVISIONING_PROFILE = "";
				WRAPPER_EXTENSION = app;
			};
			name = Debug;
		};
		C3988CF319C16D9900257D2A /* Release */ = {
			isa = XCBuildConfiguration;
			buildSettings = {
				ASSETCATALOG_COMPILER_APPICON_NAME = AppIcon;
				ASSETCATALOG_COMPILER_LAUNCHIMAGE_NAME = LaunchImage;
				CODE_SIGN_IDENTITY = "iPhone Developer";
				"CODE_SIGN_IDENTITY[sdk=iphoneos*]" = "iPhone Developer";
				FRAMEWORK_SEARCH_PATHS = (
					"$(inherited)",
					"$(PROJECT_DIR)",
				);
				GCC_PRECOMPILE_PREFIX_HEADER = YES;
				GCC_PREFIX_HEADER = "NFLtrivia/NFLtrivia-Prefix.pch";
				INFOPLIST_FILE = "NFLtrivia/NFLtrivia-Info.plist";
				IPHONEOS_DEPLOYMENT_TARGET = 7.0;
				PRODUCT_NAME = "$(TARGET_NAME)";
				PROVISIONING_PROFILE = "";
				WRAPPER_EXTENSION = app;
			};
			name = Release;
		};
		C3988CF519C16D9900257D2A /* Debug */ = {
			isa = XCBuildConfiguration;
			buildSettings = {
				BUNDLE_LOADER = "$(BUILT_PRODUCTS_DIR)/NFLtrivia.app/NFLtrivia";
				FRAMEWORK_SEARCH_PATHS = (
					"$(SDKROOT)/Developer/Library/Frameworks",
					"$(inherited)",
					"$(DEVELOPER_FRAMEWORKS_DIR)",
				);
				GCC_PRECOMPILE_PREFIX_HEADER = YES;
				GCC_PREFIX_HEADER = "NFLtrivia/NFLtrivia-Prefix.pch";
				GCC_PREPROCESSOR_DEFINITIONS = (
					"DEBUG=1",
					"$(inherited)",
				);
				INFOPLIST_FILE = "NFLtriviaTests/NFLtriviaTests-Info.plist";
				PRODUCT_NAME = "$(TARGET_NAME)";
				TEST_HOST = "$(BUNDLE_LOADER)";
				WRAPPER_EXTENSION = xctest;
			};
			name = Debug;
		};
		C3988CF619C16D9900257D2A /* Release */ = {
			isa = XCBuildConfiguration;
			buildSettings = {
				BUNDLE_LOADER = "$(BUILT_PRODUCTS_DIR)/NFLtrivia.app/NFLtrivia";
				FRAMEWORK_SEARCH_PATHS = (
					"$(SDKROOT)/Developer/Library/Frameworks",
					"$(inherited)",
					"$(DEVELOPER_FRAMEWORKS_DIR)",
				);
				GCC_PRECOMPILE_PREFIX_HEADER = YES;
				GCC_PREFIX_HEADER = "NFLtrivia/NFLtrivia-Prefix.pch";
				INFOPLIST_FILE = "NFLtriviaTests/NFLtriviaTests-Info.plist";
				PRODUCT_NAME = "$(TARGET_NAME)";
				TEST_HOST = "$(BUNDLE_LOADER)";
				WRAPPER_EXTENSION = xctest;
			};
			name = Release;
		};
/* End XCBuildConfiguration section */

/* Begin XCConfigurationList section */
		C3988CBA19C16D9900257D2A /* Build configuration list for PBXProject "NFLtrivia" */ = {
			isa = XCConfigurationList;
			buildConfigurations = (
				C3988CEF19C16D9900257D2A /* Debug */,
				C3988CF019C16D9900257D2A /* Release */,
			);
			defaultConfigurationIsVisible = 0;
			defaultConfigurationName = Release;
		};
		C3988CF119C16D9900257D2A /* Build configuration list for PBXNativeTarget "NFLtrivia" */ = {
			isa = XCConfigurationList;
			buildConfigurations = (
				C3988CF219C16D9900257D2A /* Debug */,
				C3988CF319C16D9900257D2A /* Release */,
			);
			defaultConfigurationIsVisible = 0;
			defaultConfigurationName = Release;
		};
		C3988CF419C16D9900257D2A /* Build configuration list for PBXNativeTarget "NFLtriviaTests" */ = {
			isa = XCConfigurationList;
			buildConfigurations = (
				C3988CF519C16D9900257D2A /* Debug */,
				C3988CF619C16D9900257D2A /* Release */,
			);
			defaultConfigurationIsVisible = 0;
			defaultConfigurationName = Release;
		};
/* End XCConfigurationList section */
	};
	rootObject = C3988CB719C16D9900257D2A /* Project object */;
}
