// !$*UTF8*$!
{
	archiveVersion = 1;
	classes = {
	};
	objectVersion = 46;
	objects = {

/* Begin PBXBuildFile section */
		C3043BF219C1A94600AF8C86 /* logosCollectionViewController.m in Sources */ = {isa = PBXBuildFile; fileRef = C3043BF119C1A94600AF8C86 /* logosCollectionViewController.m */; };
		C3043BF519C1C20700AF8C86 /* myCell.m in Sources */ = {isa = PBXBuildFile; fileRef = C3043BF419C1C20700AF8C86 /* myCell.m */; };
		C3988CC319C16D9900257D2A /* Foundation.framework in Frameworks */ = {isa = PBXBuildFile; fileRef = C3988CC219C16D9900257D2A /* Foundation.framework */; };
		C3988CC519C16D9900257D2A /* CoreGraphics.framework in Frameworks */ = {isa = PBXBuildFile; fileRef = C3988CC419C16D9900257D2A /* CoreGraphics.framework */; };
		C3988CC719C16D9900257D2A /* UIKit.framework in Frameworks */ = {isa = PBXBuildFile; fileRef = C3988CC619C16D9900257D2A /* UIKit.framework */; };
		C3988CCD19C16D9900257D2A /* InfoPlist.strings in Resources */ = {isa = PBXBuildFile; fileRef = C3988CCB19C16D9900257D2A /* InfoPlist.strings */; };
		C3988CCF19C16D9900257D2A /* main.m in Sources */ = {isa = PBXBuildFile; fileRef = C3988CCE19C16D9900257D2A /* main.m */; };
		C3988CD319C16D9900257D2A /* AppDelegate.m in Sources */ = {isa = PBXBuildFile; fileRef = C3988CD219C16D9900257D2A /* AppDelegate.m */; };
		C3988CD619C16D9900257D2A /* Main.storyboard in Resources */ = {isa = PBXBuildFile; fileRef = C3988CD419C16D9900257D2A /* Main.storyboard */; };
		C3988CD919C16D9900257D2A /* ViewController.m in Sources */ = {isa = PBXBuildFile; fileRef = C3988CD819C16D9900257D2A /* ViewController.m */; };
		C3988CDB19C16D9900257D2A /* Images.xcassets in Resources */ = {isa = PBXBuildFile; fileRef = C3988CDA19C16D9900257D2A /* Images.xcassets */; };
		C3988CE219C16D9900257D2A /* XCTest.framework in Frameworks */ = {isa = PBXBuildFile; fileRef = C3988CE119C16D9900257D2A /* XCTest.framework */; };
		C3988CE319C16D9900257D2A /* Foundation.framework in Frameworks */ = {isa = PBXBuildFile; fileRef = C3988CC219C16D9900257D2A /* Foundation.framework */; };
		C3988CE419C16D9900257D2A /* UIKit.framework in Frameworks */ = {isa = PBXBuildFile; fileRef = C3988CC619C16D9900257D2A /* UIKit.framework */; };
		C3988CEC19C16D9900257D2A /* InfoPlist.strings in Resources */ = {isa = PBXBuildFile; fileRef = C3988CEA19C16D9900257D2A /* InfoPlist.strings */; };
		C3988CEE19C16D9900257D2A /* NFLtriviaTests.m in Sources */ = {isa = PBXBuildFile; fileRef = C3988CED19C16D9900257D2A /* NFLtriviaTests.m */; };
		C3988CFB19C1723B00257D2A /* facebook-logo-2_zps9777ced2.png in Resources */ = {isa = PBXBuildFile; fileRef = C3988CFA19C1723B00257D2A /* facebook-logo-2_zps9777ced2.png */; };
		C3988CFD19C17AED00257D2A /* NFLlogo.jpg in Resources */ = {isa = PBXBuildFile; fileRef = C3988CFC19C17AED00257D2A /* NFLlogo.jpg */; };
		C3988D1D19C186C400257D2A /* nfl1.jpg in Resources */ = {isa = PBXBuildFile; fileRef = C3988CFE19C186C400257D2A /* nfl1.jpg */; };
		C3988D1E19C186C400257D2A /* nfl2.jpg in Resources */ = {isa = PBXBuildFile; fileRef = C3988CFF19C186C400257D2A /* nfl2.jpg */; };
		C3988D1F19C186C400257D2A /* nfl3.jpg in Resources */ = {isa = PBXBuildFile; fileRef = C3988D0019C186C400257D2A /* nfl3.jpg */; };
		C3988D2019C186C400257D2A /* nfl4.jpg in Resources */ = {isa = PBXBuildFile; fileRef = C3988D0119C186C400257D2A /* nfl4.jpg */; };
		C3988D2119C186C400257D2A /* nfl5.jpg in Resources */ = {isa = PBXBuildFile; fileRef = C3988D0219C186C400257D2A /* nfl5.jpg */; };
		C3988D2219C186C400257D2A /* nfl7.jpg in Resources */ = {isa = PBXBuildFile; fileRef = C3988D0319C186C400257D2A /* nfl7.jpg */; };
		C3988D2319C186C400257D2A /* nfl8.jpg in Resources */ = {isa = PBXBuildFile; fileRef = C3988D0419C186C400257D2A /* nfl8.jpg */; };
		C3988D2419C186C400257D2A /* nfl9.jpg in Resources */ = {isa = PBXBuildFile; fileRef = C3988D0519C186C400257D2A /* nfl9.jpg */; };
		C3988D2519C186C400257D2A /* nfl10.jpg in Resources */ = {isa = PBXBuildFile; fileRef = C3988D0619C186C400257D2A /* nfl10.jpg */; };
		C3988D2619C186C400257D2A /* nfl11.jpg in Resources */ = {isa = PBXBuildFile; fileRef = C3988D0719C186C400257D2A /* nfl11.jpg */; };
		C3988D2719C186C400257D2A /* nfl12.jpg in Resources */ = {isa = PBXBuildFile; fileRef = C3988D0819C186C400257D2A /* nfl12.jpg */; };
		C3988D2819C186C400257D2A /* nfl13.jpg in Resources */ = {isa = PBXBuildFile; fileRef = C3988D0919C186C400257D2A /* nfl13.jpg */; };
		C3988D2919C186C400257D2A /* nfl14.jpg in Resources */ = {isa = PBXBuildFile; fileRef = C3988D0A19C186C400257D2A /* nfl14.jpg */; };
		C3988D2A19C186C400257D2A /* nfl15.jpg in Resources */ = {isa = PBXBuildFile; fileRef = C3988D0B19C186C400257D2A /* nfl15.jpg */; };
		C3988D2B19C186C400257D2A /* nfl16.jpg in Resources */ = {isa = PBXBuildFile; fileRef = C3988D0C19C186C400257D2A /* nfl16.jpg */; };
		C3988D2C19C186C400257D2A /* nfl17.jpg in Resources */ = {isa = PBXBuildFile; fileRef = C3988D0D19C186C400257D2A /* nfl17.jpg */; };
		C3988D2D19C186C400257D2A /* nfl18.jpg in Resources */ = {isa = PBXBuildFile; fileRef = C3988D0E19C186C400257D2A /* nfl18.jpg */; };
		C3988D2E19C186C400257D2A /* nfl19.jpg in Resources */ = {isa = PBXBuildFile; fileRef = C3988D0F19C186C400257D2A /* nfl19.jpg */; };
		C3988D2F19C186C400257D2A /* nfl20.jpg in Resources */ = {isa = PBXBuildFile; fileRef = C3988D1019C186C400257D2A /* nfl20.jpg */; };
		C3988D3019C186C400257D2A /* nfl21.jpg in Resources */ = {isa = PBXBuildFile; fileRef = C3988D1119C186C400257D2A /* nfl21.jpg */; };
		C3988D3119C186C400257D2A /* nfl22.jpg in Resources */ = {isa = PBXBuildFile; fileRef = C3988D1219C186C400257D2A /* nfl22.jpg */; };
		C3988D3219C186C400257D2A /* nfl23.jpg in Resources */ = {isa = PBXBuildFile; fileRef = C3988D1319C186C400257D2A /* nfl23.jpg */; };
		C3988D3319C186C400257D2A /* nfl24.jpg in Resources */ = {isa = PBXBuildFile; fileRef = C3988D1419C186C400257D2A /* nfl24.jpg */; };
		C3988D3419C186C400257D2A /* nfl25.jpg in Resources */ = {isa = PBXBuildFile; fileRef = C3988D1519C186C400257D2A /* nfl25.jpg */; };
		C3988D3519C186C400257D2A /* nfl26.png in Resources */ = {isa = PBXBuildFile; fileRef = C3988D1619C186C400257D2A /* nfl26.png */; };
		C3988D3619C186C400257D2A /* nfl27.jpg in Resources */ = {isa = PBXBuildFile; fileRef = C3988D1719C186C400257D2A /* nfl27.jpg */; };
		C3988D3719C186C400257D2A /* nfl28.jpg in Resources */ = {isa = PBXBuildFile; fileRef = C3988D1819C186C400257D2A /* nfl28.jpg */; };
		C3988D3819C186C400257D2A /* nfl29.png in Resources */ = {isa = PBXBuildFile; fileRef = C3988D1919C186C400257D2A /* nfl29.png */; };
		C3988D3919C186C400257D2A /* nfl30.jpg in Resources */ = {isa = PBXBuildFile; fileRef = C3988D1A19C186C400257D2A /* nfl30.jpg */; };
		C3988D3A19C186C400257D2A /* nfl31.jpg in Resources */ = {isa = PBXBuildFile; fileRef = C3988D1B19C186C400257D2A /* nfl31.jpg */; };
		C3988D3B19C186C400257D2A /* nfl32.jpg in Resources */ = {isa = PBXBuildFile; fileRef = C3988D1C19C186C400257D2A /* nfl32.jpg */; };
		C3988D3D19C186E200257D2A /* nfl6.jpg in Resources */ = {isa = PBXBuildFile; fileRef = C3988D3C19C186E200257D2A /* nfl6.jpg */; };
		C3988D4019C19ACC00257D2A /* fbcredentialsViewController.m in Sources */ = {isa = PBXBuildFile; fileRef = C3988D3F19C19ACB00257D2A /* fbcredentialsViewController.m */; };
		C3988D4319C1A21000257D2A /* individualLogoViewController.m in Sources */ = {isa = PBXBuildFile; fileRef = C3988D4219C1A21000257D2A /* individualLogoViewController.m */; };
		C3B2E72119C2F9D3001CE834 /* FacebookSDK.framework in Frameworks */ = {isa = PBXBuildFile; fileRef = C3B2E72019C2F9D3001CE834 /* FacebookSDK.framework */; };
		C3B2E72419C2FDD8001CE834 /* fbLoginPage.m in Sources */ = {isa = PBXBuildFile; fileRef = C3B2E72319C2FDD8001CE834 /* fbLoginPage.m */; };
/* End PBXBuildFile section */

/* Begin PBXContainerItemProxy section */
		C3988CE519C16D9900257D2A /* PBXContainerItemProxy */ = {
			isa = PBXContainerItemProxy;
			containerPortal = C3988CB719C16D9900257D2A /* Project object */;
			proxyType = 1;
			remoteGlobalIDString = C3988CBE19C16D9900257D2A;
			remoteInfo = NFLtrivia;
		};
/* End PBXContainerItemProxy section */

/* Begin PBXFileReference section */
		C3043BF019C1A94600AF8C86 /* logosCollectionViewController.h */ = {isa = PBXFileReference; fileEncoding = 4; lastKnownFileType = sourcecode.c.h; path = logosCollectionViewController.h; sourceTree = "<group>"; };
		C3043BF119C1A94600AF8C86 /* logosCollectionViewController.m */ = {isa = PBXFileReference; fileEncoding = 4; lastKnownFileType = sourcecode.c.objc; path = logosCollectionViewController.m; sourceTree = "<group>"; };
		C3043BF319C1C20700AF8C86 /* myCell.h */ = {isa = PBXFileReference; fileEncoding = 4; lastKnownFileType = sourcecode.c.h; path = myCell.h; sourceTree = "<group>"; };
		C3043BF419C1C20700AF8C86 /* myCell.m */ = {isa = PBXFileReference; fileEncoding = 4; lastKnownFileType = sourcecode.c.objc; path = myCell.m; sourceTree = "<group>"; };
		C3988CBF19C16D9900257D2A /* NFLtrivia.app */ = {isa = PBXFileReference; explicitFileType = wrapper.application; includeInIndex = 0; path = NFLtrivia.app; sourceTree = BUILT_PRODUCTS_DIR; };
		C3988CC219C16D9900257D2A /* Foundation.framework */ = {isa = PBXFileReference; lastKnownFileType = wrapper.framework; name = Foundation.framework; path = System/Library/Frameworks/Foundation.framework; sourceTree = SDKROOT; };
		C3988CC419C16D9900257D2A /* CoreGraphics.framework */ = {isa = PBXFileReference; lastKnownFileType = wrapper.framework; name = CoreGraphics.framework; path = System/Library/Frameworks/CoreGraphics.framework; sourceTree = SDKROOT; };
		C3988CC619C16D9900257D2A /* UIKit.framework */ = {isa = PBXFileReference; lastKnownFileType = wrapper.framework; name = UIKit.framework; path = System/Library/Frameworks/UIKit.framework; sourceTree = SDKROOT; };
		C3988CCA19C16D9900257D2A /* NFLtrivia-Info.plist */ = {isa = PBXFileReference; lastKnownFileType = text.plist.xml; path = "NFLtrivia-Info.plist"; sourceTree = "<group>"; };
		C3988CCC19C16D9900257D2A /* en */ = {isa = PBXFileReference; lastKnownFileType = text.plist.strings; name = en; path = en.lproj/InfoPlist.strings; sourceTree = "<group>"; };
		C3988CCE19C16D9900257D2A /* main.m */ = {isa = PBXFileReference; lastKnownFileType = sourcecode.c.objc; path = main.m; sourceTree = "<group>"; };
		C3988CD019C16D9900257D2A /* NFLtrivia-Prefix.pch */ = {isa = PBXFileReference; lastKnownFileType = sourcecode.c.h; path = "NFLtrivia-Prefix.pch"; sourceTree = "<group>"; };
		C3988CD119C16D9900257D2A /* AppDelegate.h */ = {isa = PBXFileReference; lastKnownFileType = sourcecode.c.h; path = AppDelegate.h; sourceTree = "<group>"; };
		C3988CD219C16D9900257D2A /* AppDelegate.m */ = {isa = PBXFileReference; lastKnownFileType = sourcecode.c.objc; path = AppDelegate.m; sourceTree = "<group>"; };
		C3988CD519C16D9900257D2A /* Base */ = {isa = PBXFileReference; lastKnownFileType = file.storyboard; name = Base; path = Base.lproj/Main.storyboard; sourceTree = "<group>"; };
		C3988CD719C16D9900257D2A /* ViewController.h */ = {isa = PBXFileReference; lastKnownFileType = sourcecode.c.h; path = ViewController.h; sourceTree = "<group>"; };
		C3988CD819C16D9900257D2A /* ViewController.m */ = {isa = PBXFileReference; lastKnownFileType = sourcecode.c.objc; path = ViewController.m; sourceTree = "<group>"; };
		C3988CDA19C16D9900257D2A /* Images.xcassets */ = {isa = PBXFileReference; lastKnownFileType = folder.assetcatalog; path = Images.xcassets; sourceTree = "<group>"; };
		C3988CE019C16D9900257D2A /* NFLtriviaTests.xctest */ = {isa = PBXFileReference; explicitFileType = wrapper.cfbundle; includeInIndex = 0; path = NFLtriviaTests.xctest; sourceTree = BUILT_PRODUCTS_DIR; };
		C3988CE119C16D9900257D2A /* XCTest.framework */ = {isa = PBXFileReference; lastKnownFileType = wrapper.framework; name = XCTest.framework; path = Library/Frameworks/XCTest.framework; sourceTree = DEVELOPER_DIR; };
		C3988CE919C16D9900257D2A /* NFLtriviaTests-Info.plist */ = {isa = PBXFileReference; lastKnownFileType = text.plist.xml; path = "NFLtriviaTests-Info.plist"; sourceTree = "<group>"; };
		C3988CEB19C16D9900257D2A /* en */ = {isa = PBXFileReference; lastKnownFileType = text.plist.strings; name = en; path = en.lproj/InfoPlist.strings; sourceTree = "<group>"; };
		C3988CED19C16D9900257D2A /* NFLtriviaTests.m */ = {isa = PBXFileReference; lastKnownFileType = sourcecode.c.objc; path = NFLtriviaTests.m; sourceTree = "<group>"; };
		C3988CFA19C1723B00257D2A /* facebook-logo-2_zps9777ced2.png */ = {isa = PBXFileReference; lastKnownFileType = image.png; path = "facebook-logo-2_zps9777ced2.png"; sourceTree = "<group>"; };
		C3988CFC19C17AED00257D2A /* NFLlogo.jpg */ = {isa = PBXFileReference; lastKnownFileType = image.jpeg; path = NFLlogo.jpg; sourceTree = "<group>"; };
		C3988CFE19C186C400257D2A /* nfl1.jpg */ = {isa = PBXFileReference; lastKnownFileType = image.jpeg; path = nfl1.jpg; sourceTree = "<group>"; };
		C3988CFF19C186C400257D2A /* nfl2.jpg */ = {isa = PBXFileReference; lastKnownFileType = image.jpeg; path = nfl2.jpg; sourceTree = "<group>"; };
		C3988D0019C186C400257D2A /* nfl3.jpg */ = {isa = PBXFileReference; lastKnownFileType = image.jpeg; path = nfl3.jpg; sourceTree = "<group>"; };
		C3988D0119C186C400257D2A /* nfl4.jpg */ = {isa = PBXFileReference; lastKnownFileType = image.jpeg; path = nfl4.jpg; sourceTree = "<group>"; };
		C3988D0219C186C400257D2A /* nfl5.jpg */ = {isa = PBXFileReference; lastKnownFileType = image.jpeg; path = nfl5.jpg; sourceTree = "<group>"; };
		C3988D0319C186C400257D2A /* nfl7.jpg */ = {isa = PBXFileReference; lastKnownFileType = image.jpeg; path = nfl7.jpg; sourceTree = "<group>"; };
		C3988D0419C186C400257D2A /* nfl8.jpg */ = {isa = PBXFileReference; lastKnownFileType = image.jpeg; path = nfl8.jpg; sourceTree = "<group>"; };
		C3988D0519C186C400257D2A /* nfl9.jpg */ = {isa = PBXFileReference; lastKnownFileType = image.jpeg; path = nfl9.jpg; sourceTree = "<group>"; };
		C3988D0619C186C400257D2A /* nfl10.jpg */ = {isa = PBXFileReference; lastKnownFileType = image.jpeg; path = nfl10.jpg; sourceTree = "<group>"; };
		C3988D0719C186C400257D2A /* nfl11.jpg */ = {isa = PBXFileReference; lastKnownFileType = image.jpeg; path = nfl11.jpg; sourceTree = "<group>"; };
		C3988D0819C186C400257D2A /* nfl12.jpg */ = {isa = PBXFileReference; lastKnownFileType = image.jpeg; path = nfl12.jpg; sourceTree = "<group>"; };
		C3988D0919C186C400257D2A /* nfl13.jpg */ = {isa = PBXFileReference; lastKnownFileType = image.jpeg; path = nfl13.jpg; sourceTree = "<group>"; };
		C3988D0A19C186C400257D2A /* nfl14.jpg */ = {isa = PBXFileReference; lastKnownFileType = image.jpeg; path = nfl14.jpg; sourceTree = "<group>"; };
		C3988D0B19C186C400257D2A /* nfl15.jpg */ = {isa = PBXFileReference; lastKnownFileType = image.jpeg; path = nfl15.jpg; sourceTree = "<group>"; };
		C3988D0C19C186C400257D2A /* nfl16.jpg */ = {isa = PBXFileReference; lastKnownFileType = image.jpeg; path = nfl16.jpg; sourceTree = "<group>"; };
		C3988D0D19C186C400257D2A /* nfl17.jpg */ = {isa = PBXFileReference; lastKnownFileType = image.jpeg; path = nfl17.jpg; sourceTree = "<group>"; };
		C3988D0E19C186C400257D2A /* nfl18.jpg */ = {isa = PBXFileReference; lastKnownFileType = image.jpeg; path = nfl18.jpg; sourceTree = "<group>"; };
		C3988D0F19C186C400257D2A /* nfl19.jpg */ = {isa = PBXFileReference; lastKnownFileType = image.jpeg; path = nfl19.jpg; sourceTree = "<group>"; };
		C3988D1019C186C400257D2A /* nfl20.jpg */ = {isa = PBXFileReference; lastKnownFileType = image.jpeg; path = nfl20.jpg; sourceTree = "<group>"; };
		C3988D1119C186C400257D2A /* nfl21.jpg */ = {isa = PBXFileReference; lastKnownFileType = image.jpeg; path = nfl21.jpg; sourceTree = "<group>"; };
		C3988D1219C186C400257D2A /* nfl22.jpg */ = {isa = PBXFileReference; lastKnownFileType = image.jpeg; path = nfl22.jpg; sourceTree = "<group>"; };
		C3988D1319C186C400257D2A /* nfl23.jpg */ = {isa = PBXFileReference; lastKnownFileType = image.jpeg; path = nfl23.jpg; sourceTree = "<group>"; };
		C3988D1419C186C400257D2A /* nfl24.jpg */ = {isa = PBXFileReference; lastKnownFileType = image.jpeg; path = nfl24.jpg; sourceTree = "<group>"; };
		C3988D1519C186C400257D2A /* nfl25.jpg */ = {isa = PBXFileReference; lastKnownFileType = image.jpeg; path = nfl25.jpg; sourceTree = "<group>"; };
		C3988D1619C186C400257D2A /* nfl26.png */ = {isa = PBXFileReference; lastKnownFileType = image.png; path = nfl26.png; sourceTree = "<group>"; };
		C3988D1719C186C400257D2A /* nfl27.jpg */ = {isa = PBXFileReference; lastKnownFileType = image.jpeg; path = nfl27.jpg; sourceTree = "<group>"; };
		C3988D1819C186C400257D2A /* nfl28.jpg */ = {isa = PBXFileReference; lastKnownFileType = image.jpeg; path = nfl28.jpg; sourceTree = "<group>"; };
		C3988D1919C186C400257D2A /* nfl29.png */ = {isa = PBXFileReference; lastKnownFileType = image.png; path = nfl29.png; sourceTree = "<group>"; };
		C3988D1A19C186C400257D2A /* nfl30.jpg */ = {isa = PBXFileReference; lastKnownFileType = image.jpeg; path = nfl30.jpg; sourceTree = "<group>"; };
		C3988D1B19C186C400257D2A /* nfl31.jpg */ = {isa = PBXFileReference; lastKnownFileType = image.jpeg; path = nfl31.jpg; sourceTree = "<group>"; };
		C3988D1C19C186C400257D2A /* nfl32.jpg */ = {isa = PBXFileReference; lastKnownFileType = image.jpeg; path = nfl32.jpg; sourceTree = "<group>"; };
		C3988D3C19C186E200257D2A /* nfl6.jpg */ = {isa = PBXFileReference; lastKnownFileType = image.jpeg; path = nfl6.jpg; sourceTree = "<group>"; };
		C3988D3E19C19ACB00257D2A /* fbcredentialsViewController.h */ = {isa = PBXFileReference; fileEncoding = 4; lastKnownFileType = sourcecode.c.h; path = fbcredentialsViewController.h; sourceTree = "<group>"; };
		C3988D3F19C19ACB00257D2A /* fbcredentialsViewController.m */ = {isa = PBXFileReference; fileEncoding = 4; lastKnownFileType = sourcecode.c.objc; path = fbcredentialsViewController.m; sourceTree = "<group>"; };
		C3988D4119C1A21000257D2A /* individualLogoViewController.h */ = {isa = PBXFileReference; fileEncoding = 4; lastKnownFileType = sourcecode.c.h; name = individualLogoViewController.h; path = ../individualLogoViewController.h; sourceTree = "<group>"; };
		C3988D4219C1A21000257D2A /* individualLogoViewController.m */ = {isa = PBXFileReference; fileEncoding = 4; lastKnownFileType = sourcecode.c.objc; name = individualLogoViewController.m; path = ../individualLogoViewController.m; sourceTree = "<group>"; };
		C3B2E72019C2F9D3001CE834 /* FacebookSDK.framework */ = {isa = PBXFileReference; lastKnownFileType = wrapper.framework; path = FacebookSDK.framework; sourceTree = "<group>"; };
		C3B2E72219C2FDD8001CE834 /* fbLoginPage.h */ = {isa = PBXFileReference; fileEncoding = 4; lastKnownFileType = sourcecode.c.h; path = fbLoginPage.h; sourceTree = "<group>"; };
		C3B2E72319C2FDD8001CE834 /* fbLoginPage.m */ = {isa = PBXFileReference; fileEncoding = 4; lastKnownFileType = sourcecode.c.objc; path = fbLoginPage.m; sourceTree = "<group>"; };
/* End PBXFileReference section */

/* Begin PBXFrameworksBuildPhase section */
		C3988CBC19C16D9900257D2A /* Frameworks */ = {
			isa = PBXFrameworksBuildPhase;
			buildActionMask = 2147483647;
			files = (
				C3988CC519C16D9900257D2A /* CoreGraphics.framework in Frameworks */,
				C3B2E72119C2F9D3001CE834 /* FacebookSDK.framework in Frameworks */,
				C3988CC719C16D9900257D2A /* UIKit.framework in Frameworks */,
				C3988CC319C16D9900257D2A /* Foundation.framework in Frameworks */,
			);
			runOnlyForDeploymentPostprocessing = 0;
		};
		C3988CDD19C16D9900257D2A /* Frameworks */ = {
			isa = PBXFrameworksBuildPhase;
			buildActionMask = 2147483647;
			files = (
				C3988CE219C16D9900257D2A /* XCTest.framework in Frameworks */,
				C3988CE419C16D9900257D2A /* UIKit.framework in Frameworks */,
				C3988CE319C16D9900257D2A /* Foundation.framework in Frameworks */,
			);
			runOnlyForDeploymentPostprocessing = 0;
		};
/* End PBXFrameworksBuildPhase section */

/* Begin PBXGroup section */
		C3988CB619C16D9900257D2A = {
			isa = PBXGroup;
			children = (
				C3988CC819C16D9900257D2A /* NFLtrivia */,
				C3988CE719C16D9900257D2A /* NFLtriviaTests */,
				C3988CC119C16D9900257D2A /* Frameworks */,
				C3988CC019C16D9900257D2A /* Products */,
			);
			sourceTree = "<group>";
		};
		C3988CC019C16D9900257D2A /* Products */ = {
			isa = PBXGroup;
			children = (
				C3988CBF19C16D9900257D2A /* NFLtrivia.app */,
				C3988CE019C16D9900257D2A /* NFLtriviaTests.xctest */,
			);
			name = Products;
			sourceTree = "<group>";
		};
		C3988CC119C16D9900257D2A /* Frameworks */ = {
			isa = PBXGroup;
			children = (
				C3B2E72019C2F9D3001CE834 /* FacebookSDK.framework */,
				C3988CC219C16D9900257D2A /* Foundation.framework */,
				C3988CC419C16D9900257D2A /* CoreGraphics.framework */,
				C3988CC619C16D9900257D2A /* UIKit.framework */,
				C3988CE119C16D9900257D2A /* XCTest.framework */,
			);
			name = Frameworks;
			sourceTree = "<group>";
		};
		C3988CC819C16D9900257D2A /* NFLtrivia */ = {
			isa = PBXGroup;
			children = (
				C3B2E72219C2FDD8001CE834 /* fbLoginPage.h */,
				C3B2E72319C2FDD8001CE834 /* fbLoginPage.m */,
				C3043BF319C1C20700AF8C86 /* myCell.h */,
				C3043BF419C1C20700AF8C86 /* myCell.m */,
				C3043BF019C1A94600AF8C86 /* logosCollectionViewController.h */,
				C3043BF119C1A94600AF8C86 /* logosCollectionViewController.m */,
				C3988D3E19C19ACB00257D2A /* fbcredentialsViewController.h */,
				C3988D3F19C19ACB00257D2A /* fbcredentialsViewController.m */,
				C3988D4119C1A21000257D2A /* individualLogoViewController.h */,
				C3988D4219C1A21000257D2A /* individualLogoViewController.m */,
				C3988CD119C16D9900257D2A /* AppDelegate.h */,
				C3988CD219C16D9900257D2A /* AppDelegate.m */,
				C3988CD419C16D9900257D2A /* Main.storyboard */,
				C3988CD719C16D9900257D2A /* ViewController.h */,
				C3988CD819C16D9900257D2A /* ViewController.m */,
				C3988CDA19C16D9900257D2A /* Images.xcassets */,
				C3988CF719C16F4700257D2A /* Images */,
			);
			path = NFLtrivia;
			sourceTree = "<group>";
		};
		C3988CC919C16D9900257D2A /* Supporting Files */ = {
			isa = PBXGroup;
			children = (
				C3988CCA19C16D9900257D2A /* NFLtrivia-Info.plist */,
				C3988CCB19C16D9900257D2A /* InfoPlist.strings */,
				C3988CCE19C16D9900257D2A /* main.m */,
				C3988CD019C16D9900257D2A /* NFLtrivia-Prefix.pch */,
			);
			name = "Supporting Files";
			sourceTree = "<group>";
		};
		C3988CE719C16D9900257D2A /* NFLtriviaTests */ = {
			isa = PBXGroup;
			children = (
				C3988CED19C16D9900257D2A /* NFLtriviaTests.m */,
				C3988CE819C16D9900257D2A /* Supporting Files */,
			);
			path = NFLtriviaTests;
			sourceTree = "<group>";
		};
		C3988CE819C16D9900257D2A /* Supporting Files */ = {
			isa = PBXGroup;
			children = (
				C3988CE919C16D9900257D2A /* NFLtriviaTests-Info.plist */,
				C3988CEA19C16D9900257D2A /* InfoPlist.strings */,
			);
			name = "Supporting Files";
			sourceTree = "<group>";
		};
		C3988CF719C16F4700257D2A /* Images */ = {
			isa = PBXGroup;
			children = (
				C3988D3C19C186E200257D2A /* nfl6.jpg */,
				C3988CFE19C186C400257D2A /* nfl1.jpg */,
				C3988CFF19C186C400257D2A /* nfl2.jpg */,
				C3988D0019C186C400257D2A /* nfl3.jpg */,
				C3988D0119C186C400257D2A /* nfl4.jpg */,
				C3988D0219C186C400257D2A /* nfl5.jpg */,
				C3988D0319C186C400257D2A /* nfl7.jpg */,
				C3988D0419C186C400257D2A /* nfl8.jpg */,
				C3988D0519C186C400257D2A /* nfl9.jpg */,
				C3988D0619C186C400257D2A /* nfl10.jpg */,
				C3988D0719C186C400257D2A /* nfl11.jpg */,
				C3988D0819C186C400257D2A /* nfl12.jpg */,
				C3988D0919C186C400257D2A /* nfl13.jpg */,
				C3988D0A19C186C400257D2A /* nfl14.jpg */,
				C3988D0B19C186C400257D2A /* nfl15.jpg */,
				C3988D0C19C186C400257D2A /* nfl16.jpg */,
				C3988D0D19C186C400257D2A /* nfl17.jpg */,
				C3988D0E19C186C400257D2A /* nfl18.jpg */,
				C3988D0F19C186C400257D2A /* nfl19.jpg */,
				C3988D1019C186C400257D2A /* nfl20.jpg */,
				C3988D1119C186C400257D2A /* nfl21.jpg */,
				C3988D1219C186C400257D2A /* nfl22.jpg */,
				C3988D1319C186C400257D2A /* nfl23.jpg */,
				C3988D1419C186C400257D2A /* nfl24.jpg */,
				C3988D1519C186C400257D2A /* nfl25.jpg */,
				C3988D1619C186C400257D2A /* nfl26.png */,
				C3988D1719C186C400257D2A /* nfl27.jpg */,
				C3988D1819C186C400257D2A /* nfl28.jpg */,
				C3988D1919C186C400257D2A /* nfl29.png */,
				C3988D1A19C186C400257D2A /* nfl30.jpg */,
				C3988D1B19C186C400257D2A /* nfl31.jpg */,
				C3988D1C19C186C400257D2A /* nfl32.jpg */,
				C3988CFC19C17AED00257D2A /* NFLlogo.jpg */,
				C3988CFA19C1723B00257D2A /* facebook-logo-2_zps9777ced2.png */,
				C3988CC919C16D9900257D2A /* Supporting Files */,
			);
			name = Images;
			sourceTree = "<group>";
		};
/* End PBXGroup section */

/* Begin PBXNativeTarget section */
		C3988CBE19C16D9900257D2A /* NFLtrivia */ = {
			isa = PBXNativeTarget;
			buildConfigurationList = C3988CF119C16D9900257D2A /* Build configuration list for PBXNativeTarget "NFLtrivia" */;
			buildPhases = (
				C3988CBB19C16D9900257D2A /* Sources */,
				C3988CBC19C16D9900257D2A /* Frameworks */,
				C3988CBD19C16D9900257D2A /* Resources */,
			);
			buildRules = (
			);
			dependencies = (
			);
			name = NFLtrivia;
			productName = NFLtrivia;
			productReference = C3988CBF19C16D9900257D2A /* NFLtrivia.app */;
			productType = "com.apple.product-type.application";
		};
		C3988CDF19C16D9900257D2A /* NFLtriviaTests */ = {
			isa = PBXNativeTarget;
			buildConfigurationList = C3988CF419C16D9900257D2A /* Build configuration list for PBXNativeTarget "NFLtriviaTests" */;
			buildPhases = (
				C3988CDC19C16D9900257D2A /* Sources */,
				C3988CDD19C16D9900257D2A /* Frameworks */,
				C3988CDE19C16D9900257D2A /* Resources */,
			);
			buildRules = (
			);
			dependencies = (
				C3988CE619C16D9900257D2A /* PBXTargetDependency */,
			);
			name = NFLtriviaTests;
			productName = NFLtriviaTests;
			productReference = C3988CE019C16D9900257D2A /* NFLtriviaTests.xctest */;
			productType = "com.apple.product-type.bundle.unit-test";
		};
/* End PBXNativeTarget section */

/* Begin PBXProject section */
		C3988CB719C16D9900257D2A /* Project object */ = {
			isa = PBXProject;
			attributes = {
				LastUpgradeCheck = 0510;
				TargetAttributes = {
					C3988CDF19C16D9900257D2A = {
						TestTargetID = C3988CBE19C16D9900257D2A;
					};
				};
			};
			buildConfigurationList = C3988CBA19C16D9900257D2A /* Build configuration list for PBXProject "NFLtrivia" */;
			compatibilityVersion = "Xcode 3.2";
			developmentRegion = English;
			hasScannedForEncodings = 0;
			knownRegions = (
				en,
				Base,
			);
			mainGroup = C3988CB619C16D9900257D2A;
			productRefGroup = C3988CC019C16D9900257D2A /* Products */;
			projectDirPath = "";
			projectRoot = "";
			targets = (
				C3988CBE19C16D9900257D2A /* NFLtrivia */,
				C3988CDF19C16D9900257D2A /* NFLtriviaTests */,
			);
		};
/* End PBXProject section */

/* Begin PBXResourcesBuildPhase section */
		C3988CBD19C16D9900257D2A /* Resources */ = {
			isa = PBXResourcesBuildPhase;
			buildActionMask = 2147483647;
			files = (
				C3988D2C19C186C400257D2A /* nfl17.jpg in Resources */,
				C3988D2A19C186C400257D2A /* nfl15.jpg in Resources */,
				C3988D3719C186C400257D2A /* nfl28.jpg in Resources */,
				C3988D2E19C186C400257D2A /* nfl19.jpg in Resources */,
				C3988CDB19C16D9900257D2A /* Images.xcassets in Resources */,
				C3988D2219C186C400257D2A /* nfl7.jpg in Resources */,
				C3988CFB19C1723B00257D2A /* facebook-logo-2_zps9777ced2.png in Resources */,
				C3988D1F19C186C400257D2A /* nfl3.jpg in Resources */,
				C3988D1E19C186C400257D2A /* nfl2.jpg in Resources */,
				C3988D3B19C186C400257D2A /* nfl32.jpg in Resources */,
				C3988D3D19C186E200257D2A /* nfl6.jpg in Resources */,
				C3988D2419C186C400257D2A /* nfl9.jpg in Resources */,
				C3988D2B19C186C400257D2A /* nfl16.jpg in Resources */,
				C3988D3919C186C400257D2A /* nfl30.jpg in Resources */,
				C3988D3419C186C400257D2A /* nfl25.jpg in Resources */,
				C3988D3319C186C400257D2A /* nfl24.jpg in Resources */,
				C3988D3519C186C400257D2A /* nfl26.png in Resources */,
				C3988D2019C186C400257D2A /* nfl4.jpg in Resources */,
				C3988D2519C186C400257D2A /* nfl10.jpg in Resources */,
				C3988CFD19C17AED00257D2A /* NFLlogo.jpg in Resources */,
				C3988D2919C186C400257D2A /* nfl14.jpg in Resources */,
				C3988D2819C186C400257D2A /* nfl13.jpg in Resources */,
				C3988D2319C186C400257D2A /* nfl8.jpg in Resources */,
				C3988D3119C186C400257D2A /* nfl22.jpg in Resources */,
				C3988D3819C186C400257D2A /* nfl29.png in Resources */,
				C3988D2119C186C400257D2A /* nfl5.jpg in Resources */,
				C3988D3219C186C400257D2A /* nfl23.jpg in Resources */,
				C3988D2719C186C400257D2A /* nfl12.jpg in Resources */,
				C3988D2F19C186C400257D2A /* nfl20.jpg in Resources */,
				C3988D3A19C186C400257D2A /* nfl31.jpg in Resources */,
				C3988D2D19C186C400257D2A /* nfl18.jpg in Resources */,
				C3988CCD19C16D9900257D2A /* InfoPlist.strings in Resources */,
				C3988D3619C186C400257D2A /* nfl27.jpg in Resources */,
				C3988D2619C186C400257D2A /* nfl11.jpg in Resources */,
				C3988D3019C186C400257D2A /* nfl21.jpg in Resources */,
				C3988D1D19C186C400257D2A /* nfl1.jpg in Resources */,
				C3988CD619C16D9900257D2A /* Main.storyboard in Resources */,
			);
			runOnlyForDeploymentPostprocessing = 0;
		};
		C3988CDE19C16D9900257D2A /* Resources */ = {
			isa = PBXResourcesBuildPhase;
			buildActionMask = 2147483647;
			files = (
				C3988CEC19C16D9900257D2A /* InfoPlist.strings in Resources */,
			);
			runOnlyForDeploymentPostprocessing = 0;
		};
/* End PBXResourcesBuildPhase section */

/* Begin PBXSourcesBuildPhase section */
		C3988CBB19C16D9900257D2A /* Sources */ = {
			isa = PBXSourcesBuildPhase;
			buildActionMask = 2147483647;
			files = (
				C3988CD919C16D9900257D2A /* ViewController.m in Sources */,
				C3988D4019C19ACC00257D2A /* fbcredentialsViewController.m in Sources */,
				C3043BF519C1C20700AF8C86 /* myCell.m in Sources */,
				C3988D4319C1A21000257D2A /* individualLogoViewController.m in Sources */,
				C3043BF219C1A94600AF8C86 /* logosCollectionViewController.m in Sources */,
				C3988CD319C16D9900257D2A /* AppDelegate.m in Sources */,
				C3B2E72419C2FDD8001CE834 /* fbLoginPage.m in Sources */,
				C3988CCF19C16D9900257D2A /* main.m in Sources */,
			);
			runOnlyForDeploymentPostprocessing = 0;
		};
		C3988CDC19C16D9900257D2A /* Sources */ = {
			isa = PBXSourcesBuildPhase;
			buildActionMask = 2147483647;
			files = (
				C3988CEE19C16D9900257D2A /* NFLtriviaTests.m in Sources */,
			);
			runOnlyForDeploymentPostprocessing = 0;
		};
/* End PBXSourcesBuildPhase section */

/* Begin PBXTargetDependency section */
		C3988CE619C16D9900257D2A /* PBXTargetDependency */ = {
			isa = PBXTargetDependency;
			target = C3988CBE19C16D9900257D2A /* NFLtrivia */;
			targetProxy = C3988CE519C16D9900257D2A /* PBXContainerItemProxy */;
		};
/* End PBXTargetDependency section */

/* Begin PBXVariantGroup section */
		C3988CCB19C16D9900257D2A /* InfoPlist.strings */ = {
			isa = PBXVariantGroup;
			children = (
				C3988CCC19C16D9900257D2A /* en */,
			);
			name = InfoPlist.strings;
			sourceTree = "<group>";
		};
		C3988CD419C16D9900257D2A /* Main.storyboard */ = {
			isa = PBXVariantGroup;
			children = (
				C3988CD519C16D9900257D2A /* Base */,
			);
			name = Main.storyboard;
			sourceTree = "<group>";
		};
		C3988CEA19C16D9900257D2A /* InfoPlist.strings */ = {
			isa = PBXVariantGroup;
			children = (
				C3988CEB19C16D9900257D2A /* en */,
			);
			name = InfoPlist.strings;
			sourceTree = "<group>";
		};
/* End PBXVariantGroup section */

/* Begin XCBuildConfiguration section */
		C3988CEF19C16D9900257D2A /* Debug */ = {
			isa = XCBuildConfiguration;
			buildSettings = {
				ALWAYS_SEARCH_USER_PATHS = NO;
				CLANG_CXX_LANGUAGE_STANDARD = "gnu++0x";
				CLANG_CXX_LIBRARY = "libc++";
				CLANG_ENABLE_MODULES = YES;
				CLANG_ENABLE_OBJC_ARC = YES;
				CLANG_WARN_BOOL_CONVERSION = YES;
				CLANG_WARN_CONSTANT_CONVERSION = YES;
				CLANG_WARN_DIRECT_OBJC_ISA_USAGE = YES_ERROR;
				CLANG_WARN_EMPTY_BODY = YES;
				CLANG_WARN_ENUM_CONVERSION = YES;
				CLANG_WARN_INT_CONVERSION = YES;
				CLANG_WARN_OBJC_ROOT_CLASS = YES_ERROR;
				CLANG_WARN__DUPLICATE_METHOD_MATCH = YES;
				"CODE_SIGN_IDENTITY[sdk=iphoneos*]" = "iPhone Developer";
				COPY_PHASE_STRIP = NO;
				GCC_C_LANGUAGE_STANDARD = gnu99;
				GCC_DYNAMIC_NO_PIC = NO;
				GCC_OPTIMIZATION_LEVEL = 0;
				GCC_PREPROCESSOR_DEFINITIONS = (
					"DEBUG=1",
					"$(inherited)",
				);
				GCC_SYMBOLS_PRIVATE_EXTERN = NO;
				GCC_WARN_64_TO_32_BIT_CONVERSION = YES;
				GCC_WARN_ABOUT_RETURN_TYPE = YES_ERROR;
				GCC_WARN_UNDECLARED_SELECTOR = YES;
				GCC_WARN_UNINITIALIZED_AUTOS = YES_AGGRESSIVE;
				GCC_WARN_UNUSED_FUNCTION = YES;
				GCC_WARN_UNUSED_VARIABLE = YES;
				IPHONEOS_DEPLOYMENT_TARGET = 7.1;
				ONLY_ACTIVE_ARCH = YES;
				SDKROOT = iphoneos;
			};
			name = Debug;
		};
		C3988CF019C16D9900257D2A /* Release */ = {
			isa = XCBuildConfiguration;
			buildSettings = {
				ALWAYS_SEARCH_USER_PATHS = NO;
				CLANG_CXX_LANGUAGE_STANDARD = "gnu++0x";
				CLANG_CXX_LIBRARY = "libc++";
				CLANG_ENABLE_MODULES = YES;
				CLANG_ENABLE_OBJC_ARC = YES;
				CLANG_WARN_BOOL_CONVERSION = YES;
				CLANG_WARN_CONSTANT_CONVERSION = YES;
				CLANG_WARN_DIRECT_OBJC_ISA_USAGE = YES_ERROR;
				CLANG_WARN_EMPTY_BODY = YES;
				CLANG_WARN_ENUM_CONVERSION = YES;
				CLANG_WARN_INT_CONVERSION = YES;
				CLANG_WARN_OBJC_ROOT_CLASS = YES_ERROR;
				CLANG_WARN__DUPLICATE_METHOD_MATCH = YES;
				"CODE_SIGN_IDENTITY[sdk=iphoneos*]" = "iPhone Developer";
				COPY_PHASE_STRIP = YES;
				ENABLE_NS_ASSERTIONS = NO;
				GCC_C_LANGUAGE_STANDARD = gnu99;
				GCC_WARN_64_TO_32_BIT_CONVERSION = YES;
				GCC_WARN_ABOUT_RETURN_TYPE = YES_ERROR;
				GCC_WARN_UNDECLARED_SELECTOR = YES;
				GCC_WARN_UNINITIALIZED_AUTOS = YES_AGGRESSIVE;
				GCC_WARN_UNUSED_FUNCTION = YES;
				GCC_WARN_UNUSED_VARIABLE = YES;
				IPHONEOS_DEPLOYMENT_TARGET = 7.1;
				SDKROOT = iphoneos;
				VALIDATE_PRODUCT = YES;
			};
			name = Release;
		};
		C3988CF219C16D9900257D2A /* Debug */ = {
			isa = XCBuildConfiguration;
			buildSettings = {
				ASSETCATALOG_COMPILER_APPICON_NAME = AppIcon;
				ASSETCATALOG_COMPILER_LAUNCHIMAGE_NAME = LaunchImage;
				FRAMEWORK_SEARCH_PATHS = (
					"$(inherited)",
					"$(PROJECT_DIR)",
				);
				GCC_PRECOMPILE_PREFIX_HEADER = YES;
				GCC_PREFIX_HEADER = "NFLtrivia/NFLtrivia-Prefix.pch";
				INFOPLIST_FILE = "NFLtrivia/NFLtrivia-Info.plist";
				IPHONEOS_DEPLOYMENT_TARGET = 7.0;
				PRODUCT_NAME = "$(TARGET_NAME)";
				WRAPPER_EXTENSION = app;
			};
			name = Debug;
		};
		C3988CF319C16D9900257D2A /* Release */ = {
			isa = XCBuildConfiguration;
			buildSettings = {
				ASSETCATALOG_COMPILER_APPICON_NAME = AppIcon;
				ASSETCATALOG_COMPILER_LAUNCHIMAGE_NAME = LaunchImage;
				FRAMEWORK_SEARCH_PATHS = (
					"$(inherited)",
					"$(PROJECT_DIR)",
				);
				GCC_PRECOMPILE_PREFIX_HEADER = YES;
				GCC_PREFIX_HEADER = "NFLtrivia/NFLtrivia-Prefix.pch";
				INFOPLIST_FILE = "NFLtrivia/NFLtrivia-Info.plist";
				IPHONEOS_DEPLOYMENT_TARGET = 7.0;
				PRODUCT_NAME = "$(TARGET_NAME)";
				WRAPPER_EXTENSION = app;
			};
			name = Release;
		};
		C3988CF519C16D9900257D2A /* Debug */ = {
			isa = XCBuildConfiguration;
			buildSettings = {
				BUNDLE_LOADER = "$(BUILT_PRODUCTS_DIR)/NFLtrivia.app/NFLtrivia";
				FRAMEWORK_SEARCH_PATHS = (
					"$(SDKROOT)/Developer/Library/Frameworks",
					"$(inherited)",
					"$(DEVELOPER_FRAMEWORKS_DIR)",
				);
				GCC_PRECOMPILE_PREFIX_HEADER = YES;
				GCC_PREFIX_HEADER = "NFLtrivia/NFLtrivia-Prefix.pch";
				GCC_PREPROCESSOR_DEFINITIONS = (
					"DEBUG=1",
					"$(inherited)",
				);
				INFOPLIST_FILE = "NFLtriviaTests/NFLtriviaTests-Info.plist";
				PRODUCT_NAME = "$(TARGET_NAME)";
				TEST_HOST = "$(BUNDLE_LOADER)";
				WRAPPER_EXTENSION = xctest;
			};
			name = Debug;
		};
		C3988CF619C16D9900257D2A /* Release */ = {
			isa = XCBuildConfiguration;
			buildSettings = {
				BUNDLE_LOADER = "$(BUILT_PRODUCTS_DIR)/NFLtrivia.app/NFLtrivia";
				FRAMEWORK_SEARCH_PATHS = (
					"$(SDKROOT)/Developer/Library/Frameworks",
					"$(inherited)",
					"$(DEVELOPER_FRAMEWORKS_DIR)",
				);
				GCC_PRECOMPILE_PREFIX_HEADER = YES;
				GCC_PREFIX_HEADER = "NFLtrivia/NFLtrivia-Prefix.pch";
				INFOPLIST_FILE = "NFLtriviaTests/NFLtriviaTests-Info.plist";
				PRODUCT_NAME = "$(TARGET_NAME)";
				TEST_HOST = "$(BUNDLE_LOADER)";
				WRAPPER_EXTENSION = xctest;
			};
			name = Release;
		};
/* End XCBuildConfiguration section */

/* Begin XCConfigurationList section */
		C3988CBA19C16D9900257D2A /* Build configuration list for PBXProject "NFLtrivia" */ = {
			isa = XCConfigurationList;
			buildConfigurations = (
				C3988CEF19C16D9900257D2A /* Debug */,
				C3988CF019C16D9900257D2A /* Release */,
			);
			defaultConfigurationIsVisible = 0;
			defaultConfigurationName = Release;
		};
		C3988CF119C16D9900257D2A /* Build configuration list for PBXNativeTarget "NFLtrivia" */ = {
			isa = XCConfigurationList;
			buildConfigurations = (
				C3988CF219C16D9900257D2A /* Debug */,
				C3988CF319C16D9900257D2A /* Release */,
			);
			defaultConfigurationIsVisible = 0;
			defaultConfigurationName = Release;
		};
		C3988CF419C16D9900257D2A /* Build configuration list for PBXNativeTarget "NFLtriviaTests" */ = {
			isa = XCConfigurationList;
			buildConfigurations = (
				C3988CF519C16D9900257D2A /* Debug */,
				C3988CF619C16D9900257D2A /* Release */,
			);
			defaultConfigurationIsVisible = 0;
			defaultConfigurationName = Release;
		};
/* End XCConfigurationList section */
	};
	rootObject = C3988CB719C16D9900257D2A /* Project object */;
}
